// !$*UTF8*$!
{
	archiveVersion = 1;
	classes = {
	};
	objectVersion = 56;
	objects = {

/* Begin PBXBuildFile section */
		52A2B2C5293527B50061A712 /* autopilotApp.swift in Sources */ = {isa = PBXBuildFile; fileRef = 52A2B2C4293527B50061A712 /* autopilotApp.swift */; };
		52A2B2C7293527B50061A712 /* ContentView.swift in Sources */ = {isa = PBXBuildFile; fileRef = 52A2B2C6293527B50061A712 /* ContentView.swift */; };
		52A2B2C9293527B70061A712 /* Assets.xcassets in Resources */ = {isa = PBXBuildFile; fileRef = 52A2B2C8293527B70061A712 /* Assets.xcassets */; };
		52A2B2CC293527B70061A712 /* Preview Assets.xcassets in Resources */ = {isa = PBXBuildFile; fileRef = 52A2B2CB293527B70061A712 /* Preview Assets.xcassets */; };
		52A2B2CE293527B70061A712 /* Persistence.swift in Sources */ = {isa = PBXBuildFile; fileRef = 52A2B2CD293527B70061A712 /* Persistence.swift */; };
		52A2B2D1293527B70061A712 /* autopilot.xcdatamodeld in Sources */ = {isa = PBXBuildFile; fileRef = 52A2B2CF293527B70061A712 /* autopilot.xcdatamodeld */; };
		52A2B2DB293527B70061A712 /* autopilotTests.swift in Sources */ = {isa = PBXBuildFile; fileRef = 52A2B2DA293527B70061A712 /* autopilotTests.swift */; };
		52A2B2E5293527B70061A712 /* autopilotUITests.swift in Sources */ = {isa = PBXBuildFile; fileRef = 52A2B2E4293527B70061A712 /* autopilotUITests.swift */; };
		52A2B2E7293527B70061A712 /* autopilotUITestsLaunchTests.swift in Sources */ = {isa = PBXBuildFile; fileRef = 52A2B2E6293527B70061A712 /* autopilotUITestsLaunchTests.swift */; };
		52A2B2F429352EDE0061A712 /* SlideOverCard.swift in Sources */ = {isa = PBXBuildFile; fileRef = 52A2B2F329352EDE0061A712 /* SlideOverCard.swift */; };
		52A2B2F629352F6C0061A712 /* Handle.swift in Sources */ = {isa = PBXBuildFile; fileRef = 52A2B2F529352F6C0061A712 /* Handle.swift */; };
		52A2B2F9293530060061A712 /* BackgroundView.swift in Sources */ = {isa = PBXBuildFile; fileRef = 52A2B2F8293530060061A712 /* BackgroundView.swift */; };
		52A2B2FB293530C80061A712 /* Test.swift in Sources */ = {isa = PBXBuildFile; fileRef = 52A2B2FA293530C80061A712 /* Test.swift */; };
		52A2B2FD293535BE0061A712 /* SearchBar.swift in Sources */ = {isa = PBXBuildFile; fileRef = 52A2B2FC293535BE0061A712 /* SearchBar.swift */; };
		52A2B2FF293543A80061A712 /* TabBarIcon.swift in Sources */ = {isa = PBXBuildFile; fileRef = 52A2B2FE293543A80061A712 /* TabBarIcon.swift */; };
		52A2B302293553A50061A712 /* ChatView.swift in Sources */ = {isa = PBXBuildFile; fileRef = 52A2B301293553A50061A712 /* ChatView.swift */; };
		52A2B3062935541C0061A712 /* MessageInputView.swift in Sources */ = {isa = PBXBuildFile; fileRef = 52A2B3052935541B0061A712 /* MessageInputView.swift */; };
		52A2B3092935548B0061A712 /* Message.swift in Sources */ = {isa = PBXBuildFile; fileRef = 52A2B3082935548B0061A712 /* Message.swift */; };
		52A2B30B293554DB0061A712 /* MessageView.swift in Sources */ = {isa = PBXBuildFile; fileRef = 52A2B30A293554DB0061A712 /* MessageView.swift */; };
		52A2B30D293555370061A712 /* ChatBubble.swift in Sources */ = {isa = PBXBuildFile; fileRef = 52A2B30C293555370061A712 /* ChatBubble.swift */; };
		52A8D7062935842200460525 /* UserProfileView.swift in Sources */ = {isa = PBXBuildFile; fileRef = 52A8D7052935842200460525 /* UserProfileView.swift */; };
		52A8D7082935851400460525 /* ProfileHeaderView.swift in Sources */ = {isa = PBXBuildFile; fileRef = 52A8D7072935851400460525 /* ProfileHeaderView.swift */; };
		52A8D70A2935851B00460525 /* ProfileActionButtonView.swift in Sources */ = {isa = PBXBuildFile; fileRef = 52A8D7092935851B00460525 /* ProfileActionButtonView.swift */; };
		52A8D70C2935852800460525 /* FilterButtonView.swift in Sources */ = {isa = PBXBuildFile; fileRef = 52A8D70B2935852800460525 /* FilterButtonView.swift */; };
		52F452472935E39600406D3F /* NotificationNumLabel.swift in Sources */ = {isa = PBXBuildFile; fileRef = 52F452462935E39600406D3F /* NotificationNumLabel.swift */; };
		52F4524A2935EC0700406D3F /* LoginView.swift in Sources */ = {isa = PBXBuildFile; fileRef = 52F452492935EC0700406D3F /* LoginView.swift */; };
		52F4524C2935EC0D00406D3F /* RegistrationView.swift in Sources */ = {isa = PBXBuildFile; fileRef = 52F4524B2935EC0D00406D3F /* RegistrationView.swift */; };
		52F4524E2935EEF400406D3F /* CustomTextField.swift in Sources */ = {isa = PBXBuildFile; fileRef = 52F4524D2935EEF400406D3F /* CustomTextField.swift */; };
		52F452502935EEFD00406D3F /* TextArea.swift in Sources */ = {isa = PBXBuildFile; fileRef = 52F4524F2935EEFD00406D3F /* TextArea.swift */; };
		52F452522935F2C500406D3F /* CustomSecureField.swift in Sources */ = {isa = PBXBuildFile; fileRef = 52F452512935F2C500406D3F /* CustomSecureField.swift */; };
		52F452542935FAD500406D3F /* GoogleService-Info.plist in Resources */ = {isa = PBXBuildFile; fileRef = 52F452532935FAD500406D3F /* GoogleService-Info.plist */; };
		71234FA629366EEE00B2FEDC /* FirebaseAuth in Frameworks */ = {isa = PBXBuildFile; productRef = 71234FA529366EEE00B2FEDC /* FirebaseAuth */; };
		71234FA829366EEE00B2FEDC /* FirebaseFirestore in Frameworks */ = {isa = PBXBuildFile; productRef = 71234FA729366EEE00B2FEDC /* FirebaseFirestore */; };
		71234FAA29366EEE00B2FEDC /* FirebaseFunctions in Frameworks */ = {isa = PBXBuildFile; productRef = 71234FA929366EEE00B2FEDC /* FirebaseFunctions */; };
		71234FAC29366EEE00B2FEDC /* FirebaseStorage in Frameworks */ = {isa = PBXBuildFile; productRef = 71234FAB29366EEE00B2FEDC /* FirebaseStorage */; };
		71234FAF2936716800B2FEDC /* AuthViewModel.swift in Sources */ = {isa = PBXBuildFile; fileRef = 71234FAE2936716800B2FEDC /* AuthViewModel.swift */; };
		71234FB1293688C700B2FEDC /* User.swift in Sources */ = {isa = PBXBuildFile; fileRef = 71234FB0293688C700B2FEDC /* User.swift */; };
		71234FB329368FC000B2FEDC /* UserCell.swift in Sources */ = {isa = PBXBuildFile; fileRef = 71234FB229368FC000B2FEDC /* UserCell.swift */; };
		71234FB52936926C00B2FEDC /* SearchView.swift in Sources */ = {isa = PBXBuildFile; fileRef = 71234FB42936926C00B2FEDC /* SearchView.swift */; };
		71234FB7293696A800B2FEDC /* ImagePicker.swift in Sources */ = {isa = PBXBuildFile; fileRef = 71234FB6293696A800B2FEDC /* ImagePicker.swift */; };
		71D2D4F72936B851004229B3 /* Kingfisher in Frameworks */ = {isa = PBXBuildFile; productRef = 71D2D4F62936B851004229B3 /* Kingfisher */; };
		71D2D4F92936B885004229B3 /* SearchViewModel.swift in Sources */ = {isa = PBXBuildFile; fileRef = 71D2D4F82936B885004229B3 /* SearchViewModel.swift */; };
		71D2D4FC2936B9DB004229B3 /* Constants.swift in Sources */ = {isa = PBXBuildFile; fileRef = 71D2D4FB2936B9DB004229B3 /* Constants.swift */; };
		71D2D4FF2936CCB7004229B3 /* ArcCell.swift in Sources */ = {isa = PBXBuildFile; fileRef = 71D2D4FE2936CCB7004229B3 /* ArcCell.swift */; };
		71D2D5012936CCC9004229B3 /* ArcDetailView.swift in Sources */ = {isa = PBXBuildFile; fileRef = 71D2D5002936CCC9004229B3 /* ArcDetailView.swift */; };
		71D2D5032936CCD7004229B3 /* ArcActionsView.swift in Sources */ = {isa = PBXBuildFile; fileRef = 71D2D5022936CCD7004229B3 /* ArcActionsView.swift */; };
		71D2D5052936CCFE004229B3 /* Arc.swift in Sources */ = {isa = PBXBuildFile; fileRef = 71D2D5042936CCFE004229B3 /* Arc.swift */; };
		71D2D5082936D7A0004229B3 /* FeedView.swift in Sources */ = {isa = PBXBuildFile; fileRef = 71D2D5072936D7A0004229B3 /* FeedView.swift */; };
		71D2D50A2936D9A1004229B3 /* GodView.swift in Sources */ = {isa = PBXBuildFile; fileRef = 71D2D5092936D9A1004229B3 /* GodView.swift */; };
/* End PBXBuildFile section */

/* Begin PBXContainerItemProxy section */
		52A2B2D7293527B70061A712 /* PBXContainerItemProxy */ = {
			isa = PBXContainerItemProxy;
			containerPortal = 52A2B2B9293527B50061A712 /* Project object */;
			proxyType = 1;
			remoteGlobalIDString = 52A2B2C0293527B50061A712;
			remoteInfo = autopilot;
		};
		52A2B2E1293527B70061A712 /* PBXContainerItemProxy */ = {
			isa = PBXContainerItemProxy;
			containerPortal = 52A2B2B9293527B50061A712 /* Project object */;
			proxyType = 1;
			remoteGlobalIDString = 52A2B2C0293527B50061A712;
			remoteInfo = autopilot;
		};
/* End PBXContainerItemProxy section */

/* Begin PBXFileReference section */
		52A2B2C1293527B50061A712 /* autopilot.app */ = {isa = PBXFileReference; explicitFileType = wrapper.application; includeInIndex = 0; path = autopilot.app; sourceTree = BUILT_PRODUCTS_DIR; };
		52A2B2C4293527B50061A712 /* autopilotApp.swift */ = {isa = PBXFileReference; lastKnownFileType = sourcecode.swift; path = autopilotApp.swift; sourceTree = "<group>"; };
		52A2B2C6293527B50061A712 /* ContentView.swift */ = {isa = PBXFileReference; lastKnownFileType = sourcecode.swift; path = ContentView.swift; sourceTree = "<group>"; };
		52A2B2C8293527B70061A712 /* Assets.xcassets */ = {isa = PBXFileReference; lastKnownFileType = folder.assetcatalog; path = Assets.xcassets; sourceTree = "<group>"; };
		52A2B2CB293527B70061A712 /* Preview Assets.xcassets */ = {isa = PBXFileReference; lastKnownFileType = folder.assetcatalog; path = "Preview Assets.xcassets"; sourceTree = "<group>"; };
		52A2B2CD293527B70061A712 /* Persistence.swift */ = {isa = PBXFileReference; lastKnownFileType = sourcecode.swift; path = Persistence.swift; sourceTree = "<group>"; };
		52A2B2D0293527B70061A712 /* autopilot.xcdatamodel */ = {isa = PBXFileReference; lastKnownFileType = wrapper.xcdatamodel; path = autopilot.xcdatamodel; sourceTree = "<group>"; };
		52A2B2D6293527B70061A712 /* autopilotTests.xctest */ = {isa = PBXFileReference; explicitFileType = wrapper.cfbundle; includeInIndex = 0; path = autopilotTests.xctest; sourceTree = BUILT_PRODUCTS_DIR; };
		52A2B2DA293527B70061A712 /* autopilotTests.swift */ = {isa = PBXFileReference; lastKnownFileType = sourcecode.swift; path = autopilotTests.swift; sourceTree = "<group>"; };
		52A2B2E0293527B70061A712 /* autopilotUITests.xctest */ = {isa = PBXFileReference; explicitFileType = wrapper.cfbundle; includeInIndex = 0; path = autopilotUITests.xctest; sourceTree = BUILT_PRODUCTS_DIR; };
		52A2B2E4293527B70061A712 /* autopilotUITests.swift */ = {isa = PBXFileReference; lastKnownFileType = sourcecode.swift; path = autopilotUITests.swift; sourceTree = "<group>"; };
		52A2B2E6293527B70061A712 /* autopilotUITestsLaunchTests.swift */ = {isa = PBXFileReference; lastKnownFileType = sourcecode.swift; path = autopilotUITestsLaunchTests.swift; sourceTree = "<group>"; };
		52A2B2F329352EDE0061A712 /* SlideOverCard.swift */ = {isa = PBXFileReference; lastKnownFileType = sourcecode.swift; path = SlideOverCard.swift; sourceTree = "<group>"; };
		52A2B2F529352F6C0061A712 /* Handle.swift */ = {isa = PBXFileReference; lastKnownFileType = sourcecode.swift; path = Handle.swift; sourceTree = "<group>"; };
		52A2B2F8293530060061A712 /* BackgroundView.swift */ = {isa = PBXFileReference; lastKnownFileType = sourcecode.swift; path = BackgroundView.swift; sourceTree = "<group>"; };
		52A2B2FA293530C80061A712 /* Test.swift */ = {isa = PBXFileReference; lastKnownFileType = sourcecode.swift; path = Test.swift; sourceTree = "<group>"; };
		52A2B2FC293535BE0061A712 /* SearchBar.swift */ = {isa = PBXFileReference; lastKnownFileType = sourcecode.swift; path = SearchBar.swift; sourceTree = "<group>"; };
		52A2B2FE293543A80061A712 /* TabBarIcon.swift */ = {isa = PBXFileReference; lastKnownFileType = sourcecode.swift; path = TabBarIcon.swift; sourceTree = "<group>"; };
		52A2B301293553A50061A712 /* ChatView.swift */ = {isa = PBXFileReference; lastKnownFileType = sourcecode.swift; path = ChatView.swift; sourceTree = "<group>"; };
		52A2B3052935541B0061A712 /* MessageInputView.swift */ = {isa = PBXFileReference; lastKnownFileType = sourcecode.swift; path = MessageInputView.swift; sourceTree = "<group>"; };
		52A2B3082935548B0061A712 /* Message.swift */ = {isa = PBXFileReference; lastKnownFileType = sourcecode.swift; path = Message.swift; sourceTree = "<group>"; };
		52A2B30A293554DB0061A712 /* MessageView.swift */ = {isa = PBXFileReference; lastKnownFileType = sourcecode.swift; path = MessageView.swift; sourceTree = "<group>"; };
		52A2B30C293555370061A712 /* ChatBubble.swift */ = {isa = PBXFileReference; lastKnownFileType = sourcecode.swift; path = ChatBubble.swift; sourceTree = "<group>"; };
		52A8D7052935842200460525 /* UserProfileView.swift */ = {isa = PBXFileReference; lastKnownFileType = sourcecode.swift; path = UserProfileView.swift; sourceTree = "<group>"; };
		52A8D7072935851400460525 /* ProfileHeaderView.swift */ = {isa = PBXFileReference; lastKnownFileType = sourcecode.swift; path = ProfileHeaderView.swift; sourceTree = "<group>"; };
		52A8D7092935851B00460525 /* ProfileActionButtonView.swift */ = {isa = PBXFileReference; lastKnownFileType = sourcecode.swift; path = ProfileActionButtonView.swift; sourceTree = "<group>"; };
		52A8D70B2935852800460525 /* FilterButtonView.swift */ = {isa = PBXFileReference; lastKnownFileType = sourcecode.swift; path = FilterButtonView.swift; sourceTree = "<group>"; };
		52F452462935E39600406D3F /* NotificationNumLabel.swift */ = {isa = PBXFileReference; lastKnownFileType = sourcecode.swift; path = NotificationNumLabel.swift; sourceTree = "<group>"; };
		52F452492935EC0700406D3F /* LoginView.swift */ = {isa = PBXFileReference; lastKnownFileType = sourcecode.swift; path = LoginView.swift; sourceTree = "<group>"; };
		52F4524B2935EC0D00406D3F /* RegistrationView.swift */ = {isa = PBXFileReference; lastKnownFileType = sourcecode.swift; path = RegistrationView.swift; sourceTree = "<group>"; };
		52F4524D2935EEF400406D3F /* CustomTextField.swift */ = {isa = PBXFileReference; lastKnownFileType = sourcecode.swift; path = CustomTextField.swift; sourceTree = "<group>"; };
		52F4524F2935EEFD00406D3F /* TextArea.swift */ = {isa = PBXFileReference; lastKnownFileType = sourcecode.swift; path = TextArea.swift; sourceTree = "<group>"; };
		52F452512935F2C500406D3F /* CustomSecureField.swift */ = {isa = PBXFileReference; lastKnownFileType = sourcecode.swift; path = CustomSecureField.swift; sourceTree = "<group>"; };
		52F452532935FAD500406D3F /* GoogleService-Info.plist */ = {isa = PBXFileReference; fileEncoding = 4; lastKnownFileType = text.plist.xml; path = "GoogleService-Info.plist"; sourceTree = "<group>"; };
		71234FAE2936716800B2FEDC /* AuthViewModel.swift */ = {isa = PBXFileReference; lastKnownFileType = sourcecode.swift; path = AuthViewModel.swift; sourceTree = "<group>"; };
		71234FB0293688C700B2FEDC /* User.swift */ = {isa = PBXFileReference; lastKnownFileType = sourcecode.swift; path = User.swift; sourceTree = "<group>"; };
		71234FB229368FC000B2FEDC /* UserCell.swift */ = {isa = PBXFileReference; lastKnownFileType = sourcecode.swift; path = UserCell.swift; sourceTree = "<group>"; };
		71234FB42936926C00B2FEDC /* SearchView.swift */ = {isa = PBXFileReference; lastKnownFileType = sourcecode.swift; path = SearchView.swift; sourceTree = "<group>"; };
		71234FB6293696A800B2FEDC /* ImagePicker.swift */ = {isa = PBXFileReference; lastKnownFileType = sourcecode.swift; path = ImagePicker.swift; sourceTree = "<group>"; };
		71D2D4F82936B885004229B3 /* SearchViewModel.swift */ = {isa = PBXFileReference; lastKnownFileType = sourcecode.swift; path = SearchViewModel.swift; sourceTree = "<group>"; };
		71D2D4FB2936B9DB004229B3 /* Constants.swift */ = {isa = PBXFileReference; lastKnownFileType = sourcecode.swift; path = Constants.swift; sourceTree = "<group>"; };
		71D2D4FE2936CCB7004229B3 /* ArcCell.swift */ = {isa = PBXFileReference; lastKnownFileType = sourcecode.swift; path = ArcCell.swift; sourceTree = "<group>"; };
		71D2D5002936CCC9004229B3 /* ArcDetailView.swift */ = {isa = PBXFileReference; lastKnownFileType = sourcecode.swift; path = ArcDetailView.swift; sourceTree = "<group>"; };
		71D2D5022936CCD7004229B3 /* ArcActionsView.swift */ = {isa = PBXFileReference; lastKnownFileType = sourcecode.swift; path = ArcActionsView.swift; sourceTree = "<group>"; };
		71D2D5042936CCFE004229B3 /* Arc.swift */ = {isa = PBXFileReference; lastKnownFileType = sourcecode.swift; path = Arc.swift; sourceTree = "<group>"; };
		71D2D5072936D7A0004229B3 /* FeedView.swift */ = {isa = PBXFileReference; lastKnownFileType = sourcecode.swift; path = FeedView.swift; sourceTree = "<group>"; };
		71D2D5092936D9A1004229B3 /* GodView.swift */ = {isa = PBXFileReference; lastKnownFileType = sourcecode.swift; path = GodView.swift; sourceTree = "<group>"; };
/* End PBXFileReference section */

/* Begin PBXFrameworksBuildPhase section */
		52A2B2BE293527B50061A712 /* Frameworks */ = {
			isa = PBXFrameworksBuildPhase;
			buildActionMask = 2147483647;
			files = (
				71234FAA29366EEE00B2FEDC /* FirebaseFunctions in Frameworks */,
				71234FAC29366EEE00B2FEDC /* FirebaseStorage in Frameworks */,
				71234FA629366EEE00B2FEDC /* FirebaseAuth in Frameworks */,
				71234FA829366EEE00B2FEDC /* FirebaseFirestore in Frameworks */,
				71D2D4F72936B851004229B3 /* Kingfisher in Frameworks */,
			);
			runOnlyForDeploymentPostprocessing = 0;
		};
		52A2B2D3293527B70061A712 /* Frameworks */ = {
			isa = PBXFrameworksBuildPhase;
			buildActionMask = 2147483647;
			files = (
			);
			runOnlyForDeploymentPostprocessing = 0;
		};
		52A2B2DD293527B70061A712 /* Frameworks */ = {
			isa = PBXFrameworksBuildPhase;
			buildActionMask = 2147483647;
			files = (
			);
			runOnlyForDeploymentPostprocessing = 0;
		};
/* End PBXFrameworksBuildPhase section */

/* Begin PBXGroup section */
		52A2B2B8293527B50061A712 = {
			isa = PBXGroup;
			children = (
				52A2B2FA293530C80061A712 /* Test.swift */,
				52A2B2C3293527B50061A712 /* autopilot */,
				52A2B2D9293527B70061A712 /* autopilotTests */,
				52A2B2E3293527B70061A712 /* autopilotUITests */,
				52A2B2C2293527B50061A712 /* Products */,
			);
			sourceTree = "<group>";
		};
		52A2B2C2293527B50061A712 /* Products */ = {
			isa = PBXGroup;
			children = (
				52A2B2C1293527B50061A712 /* autopilot.app */,
				52A2B2D6293527B70061A712 /* autopilotTests.xctest */,
				52A2B2E0293527B70061A712 /* autopilotUITests.xctest */,
			);
			name = Products;
			sourceTree = "<group>";
		};
		52A2B2C3293527B50061A712 /* autopilot */ = {
			isa = PBXGroup;
			children = (
				71D2D4FD2936C9AD004229B3 /* Arcs */,
				71D2D4FA2936B9BB004229B3 /* Utils */,
				52A2B303293553A90061A712 /* Views */,
				71234FAD2936715600B2FEDC /* ViewModel */,
				52F452532935FAD500406D3F /* GoogleService-Info.plist */,
				52A2B307293554790061A712 /* Models */,
				52A2B2C4293527B50061A712 /* autopilotApp.swift */,
				52A2B300293543EC0061A712 /* TabBar */,
				52A2B2F729352F7E0061A712 /* SlideOver */,
				52A2B2C8293527B70061A712 /* Assets.xcassets */,
				52A2B2CD293527B70061A712 /* Persistence.swift */,
				52A2B2CF293527B70061A712 /* autopilot.xcdatamodeld */,
				52A2B2CA293527B70061A712 /* Preview Content */,
			);
			path = autopilot;
			sourceTree = "<group>";
		};
		52A2B2CA293527B70061A712 /* Preview Content */ = {
			isa = PBXGroup;
			children = (
				52A2B2CB293527B70061A712 /* Preview Assets.xcassets */,
			);
			path = "Preview Content";
			sourceTree = "<group>";
		};
		52A2B2D9293527B70061A712 /* autopilotTests */ = {
			isa = PBXGroup;
			children = (
				52A2B2DA293527B70061A712 /* autopilotTests.swift */,
			);
			path = autopilotTests;
			sourceTree = "<group>";
		};
		52A2B2E3293527B70061A712 /* autopilotUITests */ = {
			isa = PBXGroup;
			children = (
				52A2B2E4293527B70061A712 /* autopilotUITests.swift */,
				52A2B2E6293527B70061A712 /* autopilotUITestsLaunchTests.swift */,
			);
			path = autopilotUITests;
			sourceTree = "<group>";
		};
		52A2B2F729352F7E0061A712 /* SlideOver */ = {
			isa = PBXGroup;
			children = (
				52F452462935E39600406D3F /* NotificationNumLabel.swift */,
				52A2B2FC293535BE0061A712 /* SearchBar.swift */,
				52A2B2F329352EDE0061A712 /* SlideOverCard.swift */,
				52A2B2F529352F6C0061A712 /* Handle.swift */,
			);
			path = SlideOver;
			sourceTree = "<group>";
		};
		52A2B300293543EC0061A712 /* TabBar */ = {
			isa = PBXGroup;
			children = (
				52A2B2FE293543A80061A712 /* TabBarIcon.swift */,
			);
			path = TabBar;
			sourceTree = "<group>";
		};
		52A2B303293553A90061A712 /* Views */ = {
			isa = PBXGroup;
			children = (
				71D2D5062936D791004229B3 /* Feed */,
				52A2B2F8293530060061A712 /* BackgroundView.swift */,
				52A2B2C6293527B50061A712 /* ContentView.swift */,
				52F452482935EBFA00406D3F /* Authentication */,
				52A8D7022935831A00460525 /* Profile */,
				52A2B304293553B40061A712 /* Messages */,
				52F4524D2935EEF400406D3F /* CustomTextField.swift */,
				52F4524F2935EEFD00406D3F /* TextArea.swift */,
				52F452512935F2C500406D3F /* CustomSecureField.swift */,
				71234FB229368FC000B2FEDC /* UserCell.swift */,
				71234FB42936926C00B2FEDC /* SearchView.swift */,
				71234FB6293696A800B2FEDC /* ImagePicker.swift */,
				71D2D5092936D9A1004229B3 /* GodView.swift */,
			);
			path = Views;
			sourceTree = "<group>";
		};
		52A2B304293553B40061A712 /* Messages */ = {
			isa = PBXGroup;
			children = (
				52A2B301293553A50061A712 /* ChatView.swift */,
				52A2B3052935541B0061A712 /* MessageInputView.swift */,
				52A2B30A293554DB0061A712 /* MessageView.swift */,
				52A2B30C293555370061A712 /* ChatBubble.swift */,
			);
			path = Messages;
			sourceTree = "<group>";
		};
		52A2B307293554790061A712 /* Models */ = {
			isa = PBXGroup;
			children = (
				52A2B3082935548B0061A712 /* Message.swift */,
				71234FB0293688C700B2FEDC /* User.swift */,
				71D2D5042936CCFE004229B3 /* Arc.swift */,
			);
			path = Models;
			sourceTree = "<group>";
		};
		52A8D7022935831A00460525 /* Profile */ = {
			isa = PBXGroup;
			children = (
				52A8D7052935842200460525 /* UserProfileView.swift */,
				52A8D7072935851400460525 /* ProfileHeaderView.swift */,
				52A8D7092935851B00460525 /* ProfileActionButtonView.swift */,
				52A8D70B2935852800460525 /* FilterButtonView.swift */,
			);
			path = Profile;
			sourceTree = "<group>";
		};
		52F452482935EBFA00406D3F /* Authentication */ = {
			isa = PBXGroup;
			children = (
				52F452492935EC0700406D3F /* LoginView.swift */,
				52F4524B2935EC0D00406D3F /* RegistrationView.swift */,
			);
			path = Authentication;
			sourceTree = "<group>";
		};
		71234FAD2936715600B2FEDC /* ViewModel */ = {
			isa = PBXGroup;
			children = (
				71234FAE2936716800B2FEDC /* AuthViewModel.swift */,
				71D2D4F82936B885004229B3 /* SearchViewModel.swift */,
			);
			path = ViewModel;
			sourceTree = "<group>";
		};
		71D2D4FA2936B9BB004229B3 /* Utils */ = {
			isa = PBXGroup;
			children = (
				71D2D4FB2936B9DB004229B3 /* Constants.swift */,
			);
			path = Utils;
			sourceTree = "<group>";
		};
		71D2D4FD2936C9AD004229B3 /* Arcs */ = {
			isa = PBXGroup;
			children = (
				71D2D4FE2936CCB7004229B3 /* ArcCell.swift */,
				71D2D5002936CCC9004229B3 /* ArcDetailView.swift */,
				71D2D5022936CCD7004229B3 /* ArcActionsView.swift */,
			);
			path = Arcs;
			sourceTree = "<group>";
		};
		71D2D5062936D791004229B3 /* Feed */ = {
			isa = PBXGroup;
			children = (
				71D2D5072936D7A0004229B3 /* FeedView.swift */,
			);
			path = Feed;
			sourceTree = "<group>";
		};
/* End PBXGroup section */

/* Begin PBXNativeTarget section */
		52A2B2C0293527B50061A712 /* autopilot */ = {
			isa = PBXNativeTarget;
			buildConfigurationList = 52A2B2EA293527B70061A712 /* Build configuration list for PBXNativeTarget "autopilot" */;
			buildPhases = (
				52A2B2BD293527B50061A712 /* Sources */,
				52A2B2BE293527B50061A712 /* Frameworks */,
				52A2B2BF293527B50061A712 /* Resources */,
			);
			buildRules = (
			);
			dependencies = (
			);
			name = autopilot;
			packageProductDependencies = (
				71234FA529366EEE00B2FEDC /* FirebaseAuth */,
				71234FA729366EEE00B2FEDC /* FirebaseFirestore */,
				71234FA929366EEE00B2FEDC /* FirebaseFunctions */,
				71234FAB29366EEE00B2FEDC /* FirebaseStorage */,
				71D2D4F62936B851004229B3 /* Kingfisher */,
			);
			productName = autopilot;
			productReference = 52A2B2C1293527B50061A712 /* autopilot.app */;
			productType = "com.apple.product-type.application";
		};
		52A2B2D5293527B70061A712 /* autopilotTests */ = {
			isa = PBXNativeTarget;
			buildConfigurationList = 52A2B2ED293527B70061A712 /* Build configuration list for PBXNativeTarget "autopilotTests" */;
			buildPhases = (
				52A2B2D2293527B70061A712 /* Sources */,
				52A2B2D3293527B70061A712 /* Frameworks */,
				52A2B2D4293527B70061A712 /* Resources */,
			);
			buildRules = (
			);
			dependencies = (
				52A2B2D8293527B70061A712 /* PBXTargetDependency */,
			);
			name = autopilotTests;
			productName = autopilotTests;
			productReference = 52A2B2D6293527B70061A712 /* autopilotTests.xctest */;
			productType = "com.apple.product-type.bundle.unit-test";
		};
		52A2B2DF293527B70061A712 /* autopilotUITests */ = {
			isa = PBXNativeTarget;
			buildConfigurationList = 52A2B2F0293527B70061A712 /* Build configuration list for PBXNativeTarget "autopilotUITests" */;
			buildPhases = (
				52A2B2DC293527B70061A712 /* Sources */,
				52A2B2DD293527B70061A712 /* Frameworks */,
				52A2B2DE293527B70061A712 /* Resources */,
			);
			buildRules = (
			);
			dependencies = (
				52A2B2E2293527B70061A712 /* PBXTargetDependency */,
			);
			name = autopilotUITests;
			productName = autopilotUITests;
			productReference = 52A2B2E0293527B70061A712 /* autopilotUITests.xctest */;
			productType = "com.apple.product-type.bundle.ui-testing";
		};
/* End PBXNativeTarget section */

/* Begin PBXProject section */
		52A2B2B9293527B50061A712 /* Project object */ = {
			isa = PBXProject;
			attributes = {
				BuildIndependentTargetsInParallel = 1;
				LastSwiftUpdateCheck = 1410;
				LastUpgradeCheck = 1410;
				TargetAttributes = {
					52A2B2C0293527B50061A712 = {
						CreatedOnToolsVersion = 14.1;
					};
					52A2B2D5293527B70061A712 = {
						CreatedOnToolsVersion = 14.1;
						TestTargetID = 52A2B2C0293527B50061A712;
					};
					52A2B2DF293527B70061A712 = {
						CreatedOnToolsVersion = 14.1;
						TestTargetID = 52A2B2C0293527B50061A712;
					};
				};
			};
			buildConfigurationList = 52A2B2BC293527B50061A712 /* Build configuration list for PBXProject "autopilot" */;
			compatibilityVersion = "Xcode 14.0";
			developmentRegion = en;
			hasScannedForEncodings = 0;
			knownRegions = (
				en,
				Base,
			);
			mainGroup = 52A2B2B8293527B50061A712;
			packageReferences = (
				71234FA429366EEE00B2FEDC /* XCRemoteSwiftPackageReference "firebase-ios-sdk" */,
				71D2D4F52936B851004229B3 /* XCRemoteSwiftPackageReference "Kingfisher" */,
			);
			productRefGroup = 52A2B2C2293527B50061A712 /* Products */;
			projectDirPath = "";
			projectRoot = "";
			targets = (
				52A2B2C0293527B50061A712 /* autopilot */,
				52A2B2D5293527B70061A712 /* autopilotTests */,
				52A2B2DF293527B70061A712 /* autopilotUITests */,
			);
		};
/* End PBXProject section */

/* Begin PBXResourcesBuildPhase section */
		52A2B2BF293527B50061A712 /* Resources */ = {
			isa = PBXResourcesBuildPhase;
			buildActionMask = 2147483647;
			files = (
				52A2B2CC293527B70061A712 /* Preview Assets.xcassets in Resources */,
				52A2B2C9293527B70061A712 /* Assets.xcassets in Resources */,
				52F452542935FAD500406D3F /* GoogleService-Info.plist in Resources */,
			);
			runOnlyForDeploymentPostprocessing = 0;
		};
		52A2B2D4293527B70061A712 /* Resources */ = {
			isa = PBXResourcesBuildPhase;
			buildActionMask = 2147483647;
			files = (
			);
			runOnlyForDeploymentPostprocessing = 0;
		};
		52A2B2DE293527B70061A712 /* Resources */ = {
			isa = PBXResourcesBuildPhase;
			buildActionMask = 2147483647;
			files = (
			);
			runOnlyForDeploymentPostprocessing = 0;
		};
/* End PBXResourcesBuildPhase section */

/* Begin PBXSourcesBuildPhase section */
		52A2B2BD293527B50061A712 /* Sources */ = {
			isa = PBXSourcesBuildPhase;
			buildActionMask = 2147483647;
			files = (
				52A2B2CE293527B70061A712 /* Persistence.swift in Sources */,
				52A2B30D293555370061A712 /* ChatBubble.swift in Sources */,
				71D2D5052936CCFE004229B3 /* Arc.swift in Sources */,
				52A2B2FD293535BE0061A712 /* SearchBar.swift in Sources */,
				71234FB52936926C00B2FEDC /* SearchView.swift in Sources */,
				71D2D4FF2936CCB7004229B3 /* ArcCell.swift in Sources */,
				52A2B2C7293527B50061A712 /* ContentView.swift in Sources */,
				52F4524E2935EEF400406D3F /* CustomTextField.swift in Sources */,
				71234FB1293688C700B2FEDC /* User.swift in Sources */,
				71D2D4FC2936B9DB004229B3 /* Constants.swift in Sources */,
				52F452472935E39600406D3F /* NotificationNumLabel.swift in Sources */,
				71D2D5012936CCC9004229B3 /* ArcDetailView.swift in Sources */,
				71D2D5032936CCD7004229B3 /* ArcActionsView.swift in Sources */,
				71D2D50A2936D9A1004229B3 /* GodView.swift in Sources */,
				52A8D7082935851400460525 /* ProfileHeaderView.swift in Sources */,
				52F452502935EEFD00406D3F /* TextArea.swift in Sources */,
				52A2B2C5293527B50061A712 /* autopilotApp.swift in Sources */,
				52A2B302293553A50061A712 /* ChatView.swift in Sources */,
				71D2D5082936D7A0004229B3 /* FeedView.swift in Sources */,
				52A8D70C2935852800460525 /* FilterButtonView.swift in Sources */,
				52A2B3062935541C0061A712 /* MessageInputView.swift in Sources */,
				52A2B2F9293530060061A712 /* BackgroundView.swift in Sources */,
				52F4524C2935EC0D00406D3F /* RegistrationView.swift in Sources */,
				52A2B2D1293527B70061A712 /* autopilot.xcdatamodeld in Sources */,
				52A2B2FF293543A80061A712 /* TabBarIcon.swift in Sources */,
				52A2B3092935548B0061A712 /* Message.swift in Sources */,
				52A8D7062935842200460525 /* UserProfileView.swift in Sources */,
				52F4524A2935EC0700406D3F /* LoginView.swift in Sources */,
				71234FB329368FC000B2FEDC /* UserCell.swift in Sources */,
				52A2B2FB293530C80061A712 /* Test.swift in Sources */,
				52A8D70A2935851B00460525 /* ProfileActionButtonView.swift in Sources */,
				71D2D4F92936B885004229B3 /* SearchViewModel.swift in Sources */,
				52A2B2F429352EDE0061A712 /* SlideOverCard.swift in Sources */,
				52F452522935F2C500406D3F /* CustomSecureField.swift in Sources */,
				52A2B30B293554DB0061A712 /* MessageView.swift in Sources */,
				71234FB7293696A800B2FEDC /* ImagePicker.swift in Sources */,
				71234FAF2936716800B2FEDC /* AuthViewModel.swift in Sources */,
				52A2B2F629352F6C0061A712 /* Handle.swift in Sources */,
			);
			runOnlyForDeploymentPostprocessing = 0;
		};
		52A2B2D2293527B70061A712 /* Sources */ = {
			isa = PBXSourcesBuildPhase;
			buildActionMask = 2147483647;
			files = (
				52A2B2DB293527B70061A712 /* autopilotTests.swift in Sources */,
			);
			runOnlyForDeploymentPostprocessing = 0;
		};
		52A2B2DC293527B70061A712 /* Sources */ = {
			isa = PBXSourcesBuildPhase;
			buildActionMask = 2147483647;
			files = (
				52A2B2E7293527B70061A712 /* autopilotUITestsLaunchTests.swift in Sources */,
				52A2B2E5293527B70061A712 /* autopilotUITests.swift in Sources */,
			);
			runOnlyForDeploymentPostprocessing = 0;
		};
/* End PBXSourcesBuildPhase section */

/* Begin PBXTargetDependency section */
		52A2B2D8293527B70061A712 /* PBXTargetDependency */ = {
			isa = PBXTargetDependency;
			target = 52A2B2C0293527B50061A712 /* autopilot */;
			targetProxy = 52A2B2D7293527B70061A712 /* PBXContainerItemProxy */;
		};
		52A2B2E2293527B70061A712 /* PBXTargetDependency */ = {
			isa = PBXTargetDependency;
			target = 52A2B2C0293527B50061A712 /* autopilot */;
			targetProxy = 52A2B2E1293527B70061A712 /* PBXContainerItemProxy */;
		};
/* End PBXTargetDependency section */

/* Begin XCBuildConfiguration section */
		52A2B2E8293527B70061A712 /* Debug */ = {
			isa = XCBuildConfiguration;
			buildSettings = {
				ALWAYS_SEARCH_USER_PATHS = NO;
				CLANG_ANALYZER_NONNULL = YES;
				CLANG_ANALYZER_NUMBER_OBJECT_CONVERSION = YES_AGGRESSIVE;
				CLANG_CXX_LANGUAGE_STANDARD = "gnu++20";
				CLANG_ENABLE_MODULES = YES;
				CLANG_ENABLE_OBJC_ARC = YES;
				CLANG_ENABLE_OBJC_WEAK = YES;
				CLANG_WARN_BLOCK_CAPTURE_AUTORELEASING = YES;
				CLANG_WARN_BOOL_CONVERSION = YES;
				CLANG_WARN_COMMA = YES;
				CLANG_WARN_CONSTANT_CONVERSION = YES;
				CLANG_WARN_DEPRECATED_OBJC_IMPLEMENTATIONS = YES;
				CLANG_WARN_DIRECT_OBJC_ISA_USAGE = YES_ERROR;
				CLANG_WARN_DOCUMENTATION_COMMENTS = YES;
				CLANG_WARN_EMPTY_BODY = YES;
				CLANG_WARN_ENUM_CONVERSION = YES;
				CLANG_WARN_INFINITE_RECURSION = YES;
				CLANG_WARN_INT_CONVERSION = YES;
				CLANG_WARN_NON_LITERAL_NULL_CONVERSION = YES;
				CLANG_WARN_OBJC_IMPLICIT_RETAIN_SELF = YES;
				CLANG_WARN_OBJC_LITERAL_CONVERSION = YES;
				CLANG_WARN_OBJC_ROOT_CLASS = YES_ERROR;
				CLANG_WARN_QUOTED_INCLUDE_IN_FRAMEWORK_HEADER = YES;
				CLANG_WARN_RANGE_LOOP_ANALYSIS = YES;
				CLANG_WARN_STRICT_PROTOTYPES = YES;
				CLANG_WARN_SUSPICIOUS_MOVE = YES;
				CLANG_WARN_UNGUARDED_AVAILABILITY = YES_AGGRESSIVE;
				CLANG_WARN_UNREACHABLE_CODE = YES;
				CLANG_WARN__DUPLICATE_METHOD_MATCH = YES;
				COPY_PHASE_STRIP = NO;
				DEBUG_INFORMATION_FORMAT = dwarf;
				ENABLE_STRICT_OBJC_MSGSEND = YES;
				ENABLE_TESTABILITY = YES;
				GCC_C_LANGUAGE_STANDARD = gnu11;
				GCC_DYNAMIC_NO_PIC = NO;
				GCC_NO_COMMON_BLOCKS = YES;
				GCC_OPTIMIZATION_LEVEL = 0;
				GCC_PREPROCESSOR_DEFINITIONS = (
					"DEBUG=1",
					"$(inherited)",
				);
				GCC_WARN_64_TO_32_BIT_CONVERSION = YES;
				GCC_WARN_ABOUT_RETURN_TYPE = YES_ERROR;
				GCC_WARN_UNDECLARED_SELECTOR = YES;
				GCC_WARN_UNINITIALIZED_AUTOS = YES_AGGRESSIVE;
				GCC_WARN_UNUSED_FUNCTION = YES;
				GCC_WARN_UNUSED_VARIABLE = YES;
				IPHONEOS_DEPLOYMENT_TARGET = 16.1;
				MTL_ENABLE_DEBUG_INFO = INCLUDE_SOURCE;
				MTL_FAST_MATH = YES;
				ONLY_ACTIVE_ARCH = YES;
				SDKROOT = iphoneos;
				SWIFT_ACTIVE_COMPILATION_CONDITIONS = DEBUG;
				SWIFT_OPTIMIZATION_LEVEL = "-Onone";
			};
			name = Debug;
		};
		52A2B2E9293527B70061A712 /* Release */ = {
			isa = XCBuildConfiguration;
			buildSettings = {
				ALWAYS_SEARCH_USER_PATHS = NO;
				CLANG_ANALYZER_NONNULL = YES;
				CLANG_ANALYZER_NUMBER_OBJECT_CONVERSION = YES_AGGRESSIVE;
				CLANG_CXX_LANGUAGE_STANDARD = "gnu++20";
				CLANG_ENABLE_MODULES = YES;
				CLANG_ENABLE_OBJC_ARC = YES;
				CLANG_ENABLE_OBJC_WEAK = YES;
				CLANG_WARN_BLOCK_CAPTURE_AUTORELEASING = YES;
				CLANG_WARN_BOOL_CONVERSION = YES;
				CLANG_WARN_COMMA = YES;
				CLANG_WARN_CONSTANT_CONVERSION = YES;
				CLANG_WARN_DEPRECATED_OBJC_IMPLEMENTATIONS = YES;
				CLANG_WARN_DIRECT_OBJC_ISA_USAGE = YES_ERROR;
				CLANG_WARN_DOCUMENTATION_COMMENTS = YES;
				CLANG_WARN_EMPTY_BODY = YES;
				CLANG_WARN_ENUM_CONVERSION = YES;
				CLANG_WARN_INFINITE_RECURSION = YES;
				CLANG_WARN_INT_CONVERSION = YES;
				CLANG_WARN_NON_LITERAL_NULL_CONVERSION = YES;
				CLANG_WARN_OBJC_IMPLICIT_RETAIN_SELF = YES;
				CLANG_WARN_OBJC_LITERAL_CONVERSION = YES;
				CLANG_WARN_OBJC_ROOT_CLASS = YES_ERROR;
				CLANG_WARN_QUOTED_INCLUDE_IN_FRAMEWORK_HEADER = YES;
				CLANG_WARN_RANGE_LOOP_ANALYSIS = YES;
				CLANG_WARN_STRICT_PROTOTYPES = YES;
				CLANG_WARN_SUSPICIOUS_MOVE = YES;
				CLANG_WARN_UNGUARDED_AVAILABILITY = YES_AGGRESSIVE;
				CLANG_WARN_UNREACHABLE_CODE = YES;
				CLANG_WARN__DUPLICATE_METHOD_MATCH = YES;
				COPY_PHASE_STRIP = NO;
				DEBUG_INFORMATION_FORMAT = "dwarf-with-dsym";
				ENABLE_NS_ASSERTIONS = NO;
				ENABLE_STRICT_OBJC_MSGSEND = YES;
				GCC_C_LANGUAGE_STANDARD = gnu11;
				GCC_NO_COMMON_BLOCKS = YES;
				GCC_WARN_64_TO_32_BIT_CONVERSION = YES;
				GCC_WARN_ABOUT_RETURN_TYPE = YES_ERROR;
				GCC_WARN_UNDECLARED_SELECTOR = YES;
				GCC_WARN_UNINITIALIZED_AUTOS = YES_AGGRESSIVE;
				GCC_WARN_UNUSED_FUNCTION = YES;
				GCC_WARN_UNUSED_VARIABLE = YES;
				IPHONEOS_DEPLOYMENT_TARGET = 16.1;
				MTL_ENABLE_DEBUG_INFO = NO;
				MTL_FAST_MATH = YES;
				SDKROOT = iphoneos;
				SWIFT_COMPILATION_MODE = wholemodule;
				SWIFT_OPTIMIZATION_LEVEL = "-O";
				VALIDATE_PRODUCT = YES;
			};
			name = Release;
		};
		52A2B2EB293527B70061A712 /* Debug */ = {
			isa = XCBuildConfiguration;
			buildSettings = {
				ASSETCATALOG_COMPILER_APPICON_NAME = AppIcon;
				ASSETCATALOG_COMPILER_GLOBAL_ACCENT_COLOR_NAME = AccentColor;
				CODE_SIGN_STYLE = Automatic;
				CURRENT_PROJECT_VERSION = 1;
				DEVELOPMENT_ASSET_PATHS = "\"autopilot/Preview Content\"";
				DEVELOPMENT_TEAM = F88F3V85M7;
				ENABLE_PREVIEWS = YES;
				GENERATE_INFOPLIST_FILE = YES;
				INFOPLIST_KEY_UIApplicationSceneManifest_Generation = YES;
				INFOPLIST_KEY_UIApplicationSupportsIndirectInputEvents = YES;
				INFOPLIST_KEY_UILaunchScreen_Generation = YES;
				INFOPLIST_KEY_UISupportedInterfaceOrientations_iPad = "UIInterfaceOrientationPortrait UIInterfaceOrientationPortraitUpsideDown UIInterfaceOrientationLandscapeLeft UIInterfaceOrientationLandscapeRight";
				INFOPLIST_KEY_UISupportedInterfaceOrientations_iPhone = "UIInterfaceOrientationPortrait UIInterfaceOrientationLandscapeLeft UIInterfaceOrientationLandscapeRight";
				IPHONEOS_DEPLOYMENT_TARGET = 15.0;
				LD_RUNPATH_SEARCH_PATHS = (
					"$(inherited)",
					"@executable_path/Frameworks",
				);
				MARKETING_VERSION = 1.0;
				PRODUCT_BUNDLE_IDENTIFIER = com.matthewmolinar.autopilot;
				PRODUCT_NAME = "$(TARGET_NAME)";
				SWIFT_EMIT_LOC_STRINGS = YES;
				SWIFT_VERSION = 5.0;
				TARGETED_DEVICE_FAMILY = "1,2";
			};
			name = Debug;
		};
		52A2B2EC293527B70061A712 /* Release */ = {
			isa = XCBuildConfiguration;
			buildSettings = {
				ASSETCATALOG_COMPILER_APPICON_NAME = AppIcon;
				ASSETCATALOG_COMPILER_GLOBAL_ACCENT_COLOR_NAME = AccentColor;
				CODE_SIGN_STYLE = Automatic;
				CURRENT_PROJECT_VERSION = 1;
				DEVELOPMENT_ASSET_PATHS = "\"autopilot/Preview Content\"";
				DEVELOPMENT_TEAM = F88F3V85M7;
				ENABLE_PREVIEWS = YES;
				GENERATE_INFOPLIST_FILE = YES;
				INFOPLIST_KEY_UIApplicationSceneManifest_Generation = YES;
				INFOPLIST_KEY_UIApplicationSupportsIndirectInputEvents = YES;
				INFOPLIST_KEY_UILaunchScreen_Generation = YES;
				INFOPLIST_KEY_UISupportedInterfaceOrientations_iPad = "UIInterfaceOrientationPortrait UIInterfaceOrientationPortraitUpsideDown UIInterfaceOrientationLandscapeLeft UIInterfaceOrientationLandscapeRight";
				INFOPLIST_KEY_UISupportedInterfaceOrientations_iPhone = "UIInterfaceOrientationPortrait UIInterfaceOrientationLandscapeLeft UIInterfaceOrientationLandscapeRight";
				IPHONEOS_DEPLOYMENT_TARGET = 15.0;
				LD_RUNPATH_SEARCH_PATHS = (
					"$(inherited)",
					"@executable_path/Frameworks",
				);
				MARKETING_VERSION = 1.0;
				PRODUCT_BUNDLE_IDENTIFIER = com.matthewmolinar.autopilot;
				PRODUCT_NAME = "$(TARGET_NAME)";
				SWIFT_EMIT_LOC_STRINGS = YES;
				SWIFT_VERSION = 5.0;
				TARGETED_DEVICE_FAMILY = "1,2";
			};
			name = Release;
		};
		52A2B2EE293527B70061A712 /* Debug */ = {
			isa = XCBuildConfiguration;
			buildSettings = {
				ALWAYS_EMBED_SWIFT_STANDARD_LIBRARIES = YES;
				BUNDLE_LOADER = "$(TEST_HOST)";
				CODE_SIGN_STYLE = Automatic;
				CURRENT_PROJECT_VERSION = 1;
				GENERATE_INFOPLIST_FILE = YES;
				IPHONEOS_DEPLOYMENT_TARGET = 16.1;
				MARKETING_VERSION = 1.0;
				PRODUCT_BUNDLE_IDENTIFIER = com.matthewmolinar.autopilotTests;
				PRODUCT_NAME = "$(TARGET_NAME)";
				SWIFT_EMIT_LOC_STRINGS = NO;
				SWIFT_VERSION = 5.0;
				TARGETED_DEVICE_FAMILY = "1,2";
				TEST_HOST = "$(BUILT_PRODUCTS_DIR)/autopilot.app/$(BUNDLE_EXECUTABLE_FOLDER_PATH)/autopilot";
			};
			name = Debug;
		};
		52A2B2EF293527B70061A712 /* Release */ = {
			isa = XCBuildConfiguration;
			buildSettings = {
				ALWAYS_EMBED_SWIFT_STANDARD_LIBRARIES = YES;
				BUNDLE_LOADER = "$(TEST_HOST)";
				CODE_SIGN_STYLE = Automatic;
				CURRENT_PROJECT_VERSION = 1;
				GENERATE_INFOPLIST_FILE = YES;
				IPHONEOS_DEPLOYMENT_TARGET = 16.1;
				MARKETING_VERSION = 1.0;
				PRODUCT_BUNDLE_IDENTIFIER = com.matthewmolinar.autopilotTests;
				PRODUCT_NAME = "$(TARGET_NAME)";
				SWIFT_EMIT_LOC_STRINGS = NO;
				SWIFT_VERSION = 5.0;
				TARGETED_DEVICE_FAMILY = "1,2";
				TEST_HOST = "$(BUILT_PRODUCTS_DIR)/autopilot.app/$(BUNDLE_EXECUTABLE_FOLDER_PATH)/autopilot";
			};
			name = Release;
		};
		52A2B2F1293527B70061A712 /* Debug */ = {
			isa = XCBuildConfiguration;
			buildSettings = {
				ALWAYS_EMBED_SWIFT_STANDARD_LIBRARIES = YES;
				CODE_SIGN_STYLE = Automatic;
				CURRENT_PROJECT_VERSION = 1;
				GENERATE_INFOPLIST_FILE = YES;
				MARKETING_VERSION = 1.0;
				PRODUCT_BUNDLE_IDENTIFIER = com.matthewmolinar.autopilotUITests;
				PRODUCT_NAME = "$(TARGET_NAME)";
				SWIFT_EMIT_LOC_STRINGS = NO;
				SWIFT_VERSION = 5.0;
				TARGETED_DEVICE_FAMILY = "1,2";
				TEST_TARGET_NAME = autopilot;
			};
			name = Debug;
		};
		52A2B2F2293527B70061A712 /* Release */ = {
			isa = XCBuildConfiguration;
			buildSettings = {
				ALWAYS_EMBED_SWIFT_STANDARD_LIBRARIES = YES;
				CODE_SIGN_STYLE = Automatic;
				CURRENT_PROJECT_VERSION = 1;
				GENERATE_INFOPLIST_FILE = YES;
				MARKETING_VERSION = 1.0;
				PRODUCT_BUNDLE_IDENTIFIER = com.matthewmolinar.autopilotUITests;
				PRODUCT_NAME = "$(TARGET_NAME)";
				SWIFT_EMIT_LOC_STRINGS = NO;
				SWIFT_VERSION = 5.0;
				TARGETED_DEVICE_FAMILY = "1,2";
				TEST_TARGET_NAME = autopilot;
			};
			name = Release;
		};
/* End XCBuildConfiguration section */

/* Begin XCConfigurationList section */
		52A2B2BC293527B50061A712 /* Build configuration list for PBXProject "autopilot" */ = {
			isa = XCConfigurationList;
			buildConfigurations = (
				52A2B2E8293527B70061A712 /* Debug */,
				52A2B2E9293527B70061A712 /* Release */,
			);
			defaultConfigurationIsVisible = 0;
			defaultConfigurationName = Release;
		};
		52A2B2EA293527B70061A712 /* Build configuration list for PBXNativeTarget "autopilot" */ = {
			isa = XCConfigurationList;
			buildConfigurations = (
				52A2B2EB293527B70061A712 /* Debug */,
				52A2B2EC293527B70061A712 /* Release */,
			);
			defaultConfigurationIsVisible = 0;
			defaultConfigurationName = Release;
		};
		52A2B2ED293527B70061A712 /* Build configuration list for PBXNativeTarget "autopilotTests" */ = {
			isa = XCConfigurationList;
			buildConfigurations = (
				52A2B2EE293527B70061A712 /* Debug */,
				52A2B2EF293527B70061A712 /* Release */,
			);
			defaultConfigurationIsVisible = 0;
			defaultConfigurationName = Release;
		};
		52A2B2F0293527B70061A712 /* Build configuration list for PBXNativeTarget "autopilotUITests" */ = {
			isa = XCConfigurationList;
			buildConfigurations = (
				52A2B2F1293527B70061A712 /* Debug */,
				52A2B2F2293527B70061A712 /* Release */,
			);
			defaultConfigurationIsVisible = 0;
			defaultConfigurationName = Release;
		};
/* End XCConfigurationList section */

/* Begin XCRemoteSwiftPackageReference section */
		71234FA429366EEE00B2FEDC /* XCRemoteSwiftPackageReference "firebase-ios-sdk" */ = {
			isa = XCRemoteSwiftPackageReference;
			repositoryURL = "https://github.com/firebase/firebase-ios-sdk";
			requirement = {
				kind = upToNextMajorVersion;
				minimumVersion = 9.0.0;
			};
		};
		71D2D4F52936B851004229B3 /* XCRemoteSwiftPackageReference "Kingfisher" */ = {
			isa = XCRemoteSwiftPackageReference;
			repositoryURL = "https://github.com/onevcat/Kingfisher.git";
			requirement = {
				kind = upToNextMajorVersion;
				minimumVersion = 7.0.0;
			};
		};
/* End XCRemoteSwiftPackageReference section */

/* Begin XCSwiftPackageProductDependency section */
		71234FA529366EEE00B2FEDC /* FirebaseAuth */ = {
			isa = XCSwiftPackageProductDependency;
			package = 71234FA429366EEE00B2FEDC /* XCRemoteSwiftPackageReference "firebase-ios-sdk" */;
			productName = FirebaseAuth;
		};
		71234FA729366EEE00B2FEDC /* FirebaseFirestore */ = {
			isa = XCSwiftPackageProductDependency;
			package = 71234FA429366EEE00B2FEDC /* XCRemoteSwiftPackageReference "firebase-ios-sdk" */;
			productName = FirebaseFirestore;
		};
		71234FA929366EEE00B2FEDC /* FirebaseFunctions */ = {
			isa = XCSwiftPackageProductDependency;
			package = 71234FA429366EEE00B2FEDC /* XCRemoteSwiftPackageReference "firebase-ios-sdk" */;
			productName = FirebaseFunctions;
		};
		71234FAB29366EEE00B2FEDC /* FirebaseStorage */ = {
			isa = XCSwiftPackageProductDependency;
			package = 71234FA429366EEE00B2FEDC /* XCRemoteSwiftPackageReference "firebase-ios-sdk" */;
			productName = FirebaseStorage;
		};
		71D2D4F62936B851004229B3 /* Kingfisher */ = {
			isa = XCSwiftPackageProductDependency;
			package = 71D2D4F52936B851004229B3 /* XCRemoteSwiftPackageReference "Kingfisher" */;
			productName = Kingfisher;
		};
/* End XCSwiftPackageProductDependency section */

/* Begin XCVersionGroup section */
		52A2B2CF293527B70061A712 /* autopilot.xcdatamodeld */ = {
			isa = XCVersionGroup;
			children = (
				52A2B2D0293527B70061A712 /* autopilot.xcdatamodel */,
			);
			currentVersion = 52A2B2D0293527B70061A712 /* autopilot.xcdatamodel */;
			path = autopilot.xcdatamodeld;
			sourceTree = "<group>";
			versionGroupType = wrapper.xcdatamodel;
		};
/* End XCVersionGroup section */
	};
	rootObject = 52A2B2B9293527B50061A712 /* Project object */;
}
