// !$*UTF8*$!
{
	archiveVersion = 1;
	classes = {
	};
	objectVersion = 56;
	objects = {

/* Begin PBXBuildFile section */
		52A2B2C5293527B50061A712 /* autopilotApp.swift in Sources */ = {isa = PBXBuildFile; fileRef = 52A2B2C4293527B50061A712 /* autopilotApp.swift */; };
		52A2B2C7293527B50061A712 /* ContentView.swift in Sources */ = {isa = PBXBuildFile; fileRef = 52A2B2C6293527B50061A712 /* ContentView.swift */; };
		52A2B2C9293527B70061A712 /* Assets.xcassets in Resources */ = {isa = PBXBuildFile; fileRef = 52A2B2C8293527B70061A712 /* Assets.xcassets */; };
		52A2B2CC293527B70061A712 /* Preview Assets.xcassets in Resources */ = {isa = PBXBuildFile; fileRef = 52A2B2CB293527B70061A712 /* Preview Assets.xcassets */; };
		52A2B2CE293527B70061A712 /* Persistence.swift in Sources */ = {isa = PBXBuildFile; fileRef = 52A2B2CD293527B70061A712 /* Persistence.swift */; };
		52A2B2D1293527B70061A712 /* autopilot.xcdatamodeld in Sources */ = {isa = PBXBuildFile; fileRef = 52A2B2CF293527B70061A712 /* autopilot.xcdatamodeld */; };
		52A2B2DB293527B70061A712 /* autopilotTests.swift in Sources */ = {isa = PBXBuildFile; fileRef = 52A2B2DA293527B70061A712 /* autopilotTests.swift */; };
		52A2B2E5293527B70061A712 /* autopilotUITests.swift in Sources */ = {isa = PBXBuildFile; fileRef = 52A2B2E4293527B70061A712 /* autopilotUITests.swift */; };
		52A2B2E7293527B70061A712 /* autopilotUITestsLaunchTests.swift in Sources */ = {isa = PBXBuildFile; fileRef = 52A2B2E6293527B70061A712 /* autopilotUITestsLaunchTests.swift */; };
		52A2B2F429352EDE0061A712 /* SlideOverCard.swift in Sources */ = {isa = PBXBuildFile; fileRef = 52A2B2F329352EDE0061A712 /* SlideOverCard.swift */; };
		52A2B2F629352F6C0061A712 /* Handle.swift in Sources */ = {isa = PBXBuildFile; fileRef = 52A2B2F529352F6C0061A712 /* Handle.swift */; };
		52A2B2F9293530060061A712 /* BackgroundView.swift in Sources */ = {isa = PBXBuildFile; fileRef = 52A2B2F8293530060061A712 /* BackgroundView.swift */; };
		52A2B2FB293530C80061A712 /* Test.swift in Sources */ = {isa = PBXBuildFile; fileRef = 52A2B2FA293530C80061A712 /* Test.swift */; };
		52A2B2FD293535BE0061A712 /* SearchBar.swift in Sources */ = {isa = PBXBuildFile; fileRef = 52A2B2FC293535BE0061A712 /* SearchBar.swift */; };
		52A2B2FF293543A80061A712 /* TabBarIcon.swift in Sources */ = {isa = PBXBuildFile; fileRef = 52A2B2FE293543A80061A712 /* TabBarIcon.swift */; };
		52A2B302293553A50061A712 /* ChatView.swift in Sources */ = {isa = PBXBuildFile; fileRef = 52A2B301293553A50061A712 /* ChatView.swift */; };
		52A2B3062935541C0061A712 /* MessageInputView.swift in Sources */ = {isa = PBXBuildFile; fileRef = 52A2B3052935541B0061A712 /* MessageInputView.swift */; };
		52A2B3092935548B0061A712 /* Message.swift in Sources */ = {isa = PBXBuildFile; fileRef = 52A2B3082935548B0061A712 /* Message.swift */; };
		52A2B30B293554DB0061A712 /* MessageView.swift in Sources */ = {isa = PBXBuildFile; fileRef = 52A2B30A293554DB0061A712 /* MessageView.swift */; };
		52A2B30D293555370061A712 /* ChatBubble.swift in Sources */ = {isa = PBXBuildFile; fileRef = 52A2B30C293555370061A712 /* ChatBubble.swift */; };
		52A8D7062935842200460525 /* UserProfileView.swift in Sources */ = {isa = PBXBuildFile; fileRef = 52A8D7052935842200460525 /* UserProfileView.swift */; };
		52A8D7082935851400460525 /* ProfileHeaderView.swift in Sources */ = {isa = PBXBuildFile; fileRef = 52A8D7072935851400460525 /* ProfileHeaderView.swift */; };
		52A8D70A2935851B00460525 /* ProfileActionButtonView.swift in Sources */ = {isa = PBXBuildFile; fileRef = 52A8D7092935851B00460525 /* ProfileActionButtonView.swift */; };
		52A8D70C2935852800460525 /* FilterButtonView.swift in Sources */ = {isa = PBXBuildFile; fileRef = 52A8D70B2935852800460525 /* FilterButtonView.swift */; };
		52F452472935E39600406D3F /* NotificationNumLabel.swift in Sources */ = {isa = PBXBuildFile; fileRef = 52F452462935E39600406D3F /* NotificationNumLabel.swift */; };
		52F4524A2935EC0700406D3F /* LoginView.swift in Sources */ = {isa = PBXBuildFile; fileRef = 52F452492935EC0700406D3F /* LoginView.swift */; };
		52F4524C2935EC0D00406D3F /* RegistrationView.swift in Sources */ = {isa = PBXBuildFile; fileRef = 52F4524B2935EC0D00406D3F /* RegistrationView.swift */; };
		52F4524E2935EEF400406D3F /* CustomTextField.swift in Sources */ = {isa = PBXBuildFile; fileRef = 52F4524D2935EEF400406D3F /* CustomTextField.swift */; };
		52F452502935EEFD00406D3F /* TextArea.swift in Sources */ = {isa = PBXBuildFile; fileRef = 52F4524F2935EEFD00406D3F /* TextArea.swift */; };
		52F452522935F2C500406D3F /* CustomSecureField.swift in Sources */ = {isa = PBXBuildFile; fileRef = 52F452512935F2C500406D3F /* CustomSecureField.swift */; };
		7122D4F92938409200BDF888 /* ArcModeDetailView.swift in Sources */ = {isa = PBXBuildFile; fileRef = 7122D4F82938409200BDF888 /* ArcModeDetailView.swift */; };
		7122D4FC2938424500BDF888 /* SlideOverCardContent.swift in Sources */ = {isa = PBXBuildFile; fileRef = 7122D4FB2938424500BDF888 /* SlideOverCardContent.swift */; };
		7122D4FE2938470A00BDF888 /* FreeFlowArcMode.swift in Sources */ = {isa = PBXBuildFile; fileRef = 7122D4FD2938470A00BDF888 /* FreeFlowArcMode.swift */; };
		7122D50029384AFA00BDF888 /* RoutineModeView.swift in Sources */ = {isa = PBXBuildFile; fileRef = 7122D4FF29384AFA00BDF888 /* RoutineModeView.swift */; };
		7122D50A293860F700BDF888 /* AutopilotViewRouter.swift in Sources */ = {isa = PBXBuildFile; fileRef = 7122D509293860F700BDF888 /* AutopilotViewRouter.swift */; };
		7122D50D2938A59A00BDF888 /* Popup.swift in Sources */ = {isa = PBXBuildFile; fileRef = 7122D50C2938A59A00BDF888 /* Popup.swift */; };
		7122D50F2938ACF700BDF888 /* ArcModeOverview.swift in Sources */ = {isa = PBXBuildFile; fileRef = 7122D50E2938ACF700BDF888 /* ArcModeOverview.swift */; };
		7122D5112938B09D00BDF888 /* SuccessView.swift in Sources */ = {isa = PBXBuildFile; fileRef = 7122D5102938B09D00BDF888 /* SuccessView.swift */; };
		7122D5132938B3F000BDF888 /* Exercise.swift in Sources */ = {isa = PBXBuildFile; fileRef = 7122D5122938B3F000BDF888 /* Exercise.swift */; };
		7122D5162938B66800BDF888 /* ArcModeViewRouter.swift in Sources */ = {isa = PBXBuildFile; fileRef = 7122D5152938B66800BDF888 /* ArcModeViewRouter.swift */; };
		7122D5182938BA8C00BDF888 /* ExerciseView.swift in Sources */ = {isa = PBXBuildFile; fileRef = 7122D5172938BA8C00BDF888 /* ExerciseView.swift */; };
		7122D51D2938BEE700BDF888 /* sun-salute.mp4 in Resources */ = {isa = PBXBuildFile; fileRef = 7122D51C2938BEE700BDF888 /* sun-salute.mp4 */; };
		7122D5232938C0B100BDF888 /* step-up.mp4 in Resources */ = {isa = PBXBuildFile; fileRef = 7122D5202938BEF500BDF888 /* step-up.mp4 */; };
		7122D5242938C0B300BDF888 /* burpee.mp4 in Resources */ = {isa = PBXBuildFile; fileRef = 7122D51E2938BEED00BDF888 /* burpee.mp4 */; };
		7122D5262938C7EA00BDF888 /* RatingView.swift in Sources */ = {isa = PBXBuildFile; fileRef = 7122D5252938C7EA00BDF888 /* RatingView.swift */; };
		7122D5282938CA2A00BDF888 /* History.swift in Sources */ = {isa = PBXBuildFile; fileRef = 7122D5272938CA2A00BDF888 /* History.swift */; };
		7122D52A2938CB2D00BDF888 /* HistoryStoreDevData.swift in Sources */ = {isa = PBXBuildFile; fileRef = 7122D5292938CB2D00BDF888 /* HistoryStoreDevData.swift */; };
		71234FAF2936716800B2FEDC /* AuthViewModel.swift in Sources */ = {isa = PBXBuildFile; fileRef = 71234FAE2936716800B2FEDC /* AuthViewModel.swift */; };
		71234FB1293688C700B2FEDC /* User.swift in Sources */ = {isa = PBXBuildFile; fileRef = 71234FB0293688C700B2FEDC /* User.swift */; };
		71234FB329368FC000B2FEDC /* UserCell.swift in Sources */ = {isa = PBXBuildFile; fileRef = 71234FB229368FC000B2FEDC /* UserCell.swift */; };
		71234FB52936926C00B2FEDC /* SearchView.swift in Sources */ = {isa = PBXBuildFile; fileRef = 71234FB42936926C00B2FEDC /* SearchView.swift */; };
		71234FB7293696A800B2FEDC /* ImagePicker.swift in Sources */ = {isa = PBXBuildFile; fileRef = 71234FB6293696A800B2FEDC /* ImagePicker.swift */; };
		71D2D4F72936B851004229B3 /* Kingfisher in Frameworks */ = {isa = PBXBuildFile; productRef = 71D2D4F62936B851004229B3 /* Kingfisher */; };
		71D2D4F92936B885004229B3 /* SearchViewModel.swift in Sources */ = {isa = PBXBuildFile; fileRef = 71D2D4F82936B885004229B3 /* SearchViewModel.swift */; };
		71D2D4FC2936B9DB004229B3 /* Constants.swift in Sources */ = {isa = PBXBuildFile; fileRef = 71D2D4FB2936B9DB004229B3 /* Constants.swift */; };
		71D2D4FF2936CCB7004229B3 /* ArcCell.swift in Sources */ = {isa = PBXBuildFile; fileRef = 71D2D4FE2936CCB7004229B3 /* ArcCell.swift */; };
		71D2D5012936CCC9004229B3 /* ArcDetailView.swift in Sources */ = {isa = PBXBuildFile; fileRef = 71D2D5002936CCC9004229B3 /* ArcDetailView.swift */; };
		71D2D5032936CCD7004229B3 /* ArcActionsView.swift in Sources */ = {isa = PBXBuildFile; fileRef = 71D2D5022936CCD7004229B3 /* ArcActionsView.swift */; };
		71D2D5052936CCFE004229B3 /* Arc.swift in Sources */ = {isa = PBXBuildFile; fileRef = 71D2D5042936CCFE004229B3 /* Arc.swift */; };
		71D2D5082936D7A0004229B3 /* FeedView.swift in Sources */ = {isa = PBXBuildFile; fileRef = 71D2D5072936D7A0004229B3 /* FeedView.swift */; };
		71D2D50A2936D9A1004229B3 /* GodView.swift in Sources */ = {isa = PBXBuildFile; fileRef = 71D2D5092936D9A1004229B3 /* GodView.swift */; };
		71D2D50D2936D9E2004229B3 /* GodFilterButtonView.swift in Sources */ = {isa = PBXBuildFile; fileRef = 71D2D50C2936D9E2004229B3 /* GodFilterButtonView.swift */; };
		71D2D50F2936DFFA004229B3 /* NewArcView.swift in Sources */ = {isa = PBXBuildFile; fileRef = 71D2D50E2936DFFA004229B3 /* NewArcView.swift */; };
		71D2D5132936E4D2004229B3 /* UploadArcViewModel.swift in Sources */ = {isa = PBXBuildFile; fileRef = 71D2D5122936E4D2004229B3 /* UploadArcViewModel.swift */; };
		71D2D5152936EE2B004229B3 /* FeedViewModel.swift in Sources */ = {isa = PBXBuildFile; fileRef = 71D2D5142936EE2B004229B3 /* FeedViewModel.swift */; };
		71D2D5172936F486004229B3 /* ProfileViewModel.swift in Sources */ = {isa = PBXBuildFile; fileRef = 71D2D5162936F486004229B3 /* ProfileViewModel.swift */; };
		71D2D5192936FD2D004229B3 /* ConversationsView.swift in Sources */ = {isa = PBXBuildFile; fileRef = 71D2D5182936FD2D004229B3 /* ConversationsView.swift */; };
		71D2D51B2936FD8A004229B3 /* ConversationCell.swift in Sources */ = {isa = PBXBuildFile; fileRef = 71D2D51A2936FD8A004229B3 /* ConversationCell.swift */; };
		71D2D51D293702A2004229B3 /* ChatViewModel.swift in Sources */ = {isa = PBXBuildFile; fileRef = 71D2D51C293702A2004229B3 /* ChatViewModel.swift */; };
		71D2D525293715E8004229B3 /* ConversationsViewModel.swift in Sources */ = {isa = PBXBuildFile; fileRef = 71D2D524293715E8004229B3 /* ConversationsViewModel.swift */; };
		71D2D52729371C31004229B3 /* NewMessageView.swift in Sources */ = {isa = PBXBuildFile; fileRef = 71D2D52629371C31004229B3 /* NewMessageView.swift */; };
		71D2D529293721AE004229B3 /* LazyView.swift in Sources */ = {isa = PBXBuildFile; fileRef = 71D2D528293721AE004229B3 /* LazyView.swift */; };
		71D2D52B29372A9B004229B3 /* ArcCard.swift in Sources */ = {isa = PBXBuildFile; fileRef = 71D2D52A29372A9B004229B3 /* ArcCard.swift */; };
		71D2D52D29376AD5004229B3 /* CustomBlurView.swift in Sources */ = {isa = PBXBuildFile; fileRef = 71D2D52C29376AD5004229B3 /* CustomBlurView.swift */; };
		71D2D52F29377443004229B3 /* GlassMorphicCard.swift in Sources */ = {isa = PBXBuildFile; fileRef = 71D2D52E29377443004229B3 /* GlassMorphicCard.swift */; };
		71D2D53929379DF8004229B3 /* CarouselView.swift in Sources */ = {isa = PBXBuildFile; fileRef = 71D2D53829379DF8004229B3 /* CarouselView.swift */; };
		71D2D53B2937A0FF004229B3 /* ArcCardContent.swift in Sources */ = {isa = PBXBuildFile; fileRef = 71D2D53A2937A0FF004229B3 /* ArcCardContent.swift */; };
		71D2D53D2937A916004229B3 /* MadeForYou.swift in Sources */ = {isa = PBXBuildFile; fileRef = 71D2D53C2937A916004229B3 /* MadeForYou.swift */; };
		BF2CA081293AADA200E0BAF8 /* ArcModeSlideOver.swift in Sources */ = {isa = PBXBuildFile; fileRef = BF2CA080293AADA200E0BAF8 /* ArcModeSlideOver.swift */; };
		BF2CA083293AD1AA00E0BAF8 /* TimerView.swift in Sources */ = {isa = PBXBuildFile; fileRef = BF2CA082293AD1AA00E0BAF8 /* TimerView.swift */; };
		BF2CA085293AE4A000E0BAF8 /* GenerateWorkoutView.swift in Sources */ = {isa = PBXBuildFile; fileRef = BF2CA084293AE4A000E0BAF8 /* GenerateWorkoutView.swift */; };
		BF48CFDD29599A2F0009FBF9 /* AppDelegate.swift in Sources */ = {isa = PBXBuildFile; fileRef = BF48CFDC29599A2F0009FBF9 /* AppDelegate.swift */; };
		BF48CFE029599B5B0009FBF9 /* FirebaseAnalytics in Frameworks */ = {isa = PBXBuildFile; productRef = BF48CFDF29599B5B0009FBF9 /* FirebaseAnalytics */; };
		BF48CFE229599B5B0009FBF9 /* FirebaseAuth in Frameworks */ = {isa = PBXBuildFile; productRef = BF48CFE129599B5B0009FBF9 /* FirebaseAuth */; };
		BF48CFE429599B5B0009FBF9 /* FirebaseFirestore in Frameworks */ = {isa = PBXBuildFile; productRef = BF48CFE329599B5B0009FBF9 /* FirebaseFirestore */; };
		BF48CFE629599B5B0009FBF9 /* FirebaseFunctions in Frameworks */ = {isa = PBXBuildFile; productRef = BF48CFE529599B5B0009FBF9 /* FirebaseFunctions */; };
		BF48CFE829599B5B0009FBF9 /* FirebaseMessaging in Frameworks */ = {isa = PBXBuildFile; productRef = BF48CFE729599B5B0009FBF9 /* FirebaseMessaging */; };
		BF48CFEA29599B5C0009FBF9 /* FirebaseStorage in Frameworks */ = {isa = PBXBuildFile; productRef = BF48CFE929599B5C0009FBF9 /* FirebaseStorage */; };
		BF48CFEE2959A14B0009FBF9 /* GoogleService-Info.plist in Resources */ = {isa = PBXBuildFile; fileRef = BF48CFED2959A14B0009FBF9 /* GoogleService-Info.plist */; };
		BF48CFF02959C9C00009FBF9 /* TasksView.swift in Sources */ = {isa = PBXBuildFile; fileRef = BF48CFEF2959C9C00009FBF9 /* TasksView.swift */; };
		BF48CFF22959CBA30009FBF9 /* IconDrawer.swift in Sources */ = {isa = PBXBuildFile; fileRef = BF48CFF12959CBA30009FBF9 /* IconDrawer.swift */; };
		BF48CFF42959D4870009FBF9 /* IconRow.swift in Sources */ = {isa = PBXBuildFile; fileRef = BF48CFF32959D4870009FBF9 /* IconRow.swift */; };
		BF48CFF72959D9920009FBF9 /* ScheduleView.swift in Sources */ = {isa = PBXBuildFile; fileRef = BF48CFF62959D9920009FBF9 /* ScheduleView.swift */; };
		BF48CFFA295A9F3A0009FBF9 /* UploadToDoTrainingRoutineViewModel.swift in Sources */ = {isa = PBXBuildFile; fileRef = BF48CFF9295A9F3A0009FBF9 /* UploadToDoTrainingRoutineViewModel.swift */; };
		BF557FA2295ADF47001EC5F7 /* BottomSheet.swift in Sources */ = {isa = PBXBuildFile; fileRef = BF557FA1295ADF47001EC5F7 /* BottomSheet.swift */; };
		BF557FA6295C49B2001EC5F7 /* DummyView.swift in Sources */ = {isa = PBXBuildFile; fileRef = BF557FA5295C49B2001EC5F7 /* DummyView.swift */; };
		BF557FA8295C7F38001EC5F7 /* TasksTodayView.swift in Sources */ = {isa = PBXBuildFile; fileRef = BF557FA7295C7F38001EC5F7 /* TasksTodayView.swift */; };
		BF557FAA295C7F43001EC5F7 /* TasksInboxView.swift in Sources */ = {isa = PBXBuildFile; fileRef = BF557FA9295C7F43001EC5F7 /* TasksInboxView.swift */; };
		BF557FAC295C7F4F001EC5F7 /* TasksUpcomingView.swift in Sources */ = {isa = PBXBuildFile; fileRef = BF557FAB295C7F4F001EC5F7 /* TasksUpcomingView.swift */; };
		BF557FAF295C814E001EC5F7 /* ProjectsSectionHeader.swift in Sources */ = {isa = PBXBuildFile; fileRef = BF557FAE295C814E001EC5F7 /* ProjectsSectionHeader.swift */; };
		BF557FB1295C8166001EC5F7 /* FavoritesSectionHeader.swift in Sources */ = {isa = PBXBuildFile; fileRef = BF557FB0295C8166001EC5F7 /* FavoritesSectionHeader.swift */; };
		BF557FB3295C864E001EC5F7 /* ProjectView.swift in Sources */ = {isa = PBXBuildFile; fileRef = BF557FB2295C864E001EC5F7 /* ProjectView.swift */; };
		BF70BC1A295EB8D900175957 /* BlackGradient.swift in Sources */ = {isa = PBXBuildFile; fileRef = BF70BC19295EB8D900175957 /* BlackGradient.swift */; };
		BF70BC1C295EBA3E00175957 /* Routine.swift in Sources */ = {isa = PBXBuildFile; fileRef = BF70BC1B295EBA3E00175957 /* Routine.swift */; };
		BF70BC1E295EBCC200175957 /* RoutineViewModel.swift in Sources */ = {isa = PBXBuildFile; fileRef = BF70BC1D295EBCC200175957 /* RoutineViewModel.swift */; };
		BF70BC20295F65DD00175957 /* IndividualTaskView.swift in Sources */ = {isa = PBXBuildFile; fileRef = BF70BC1F295F65DD00175957 /* IndividualTaskView.swift */; };
		BF8341EF29558B14003A2DEE /* NonAdminView.swift in Sources */ = {isa = PBXBuildFile; fileRef = BF8341EE29558B14003A2DEE /* NonAdminView.swift */; };
		BF8341F129558B3F003A2DEE /* AdminView.swift in Sources */ = {isa = PBXBuildFile; fileRef = BF8341F029558B3F003A2DEE /* AdminView.swift */; };
		BF8341F429559280003A2DEE /* WorkoutsView.swift in Sources */ = {isa = PBXBuildFile; fileRef = BF8341F329559280003A2DEE /* WorkoutsView.swift */; };
		BF8341FD295592E2003A2DEE /* WorkoutsViewModel.swift in Sources */ = {isa = PBXBuildFile; fileRef = BF8341FC295592E2003A2DEE /* WorkoutsViewModel.swift */; };
		BF8341FF29559355003A2DEE /* WorkoutRowView.swift in Sources */ = {isa = PBXBuildFile; fileRef = BF8341FE29559355003A2DEE /* WorkoutRowView.swift */; };
		BF83420129559375003A2DEE /* WorkoutsHeader.swift in Sources */ = {isa = PBXBuildFile; fileRef = BF83420029559375003A2DEE /* WorkoutsHeader.swift */; };
		BF83420729559B64003A2DEE /* WorkoutCircle.swift in Sources */ = {isa = PBXBuildFile; fileRef = BF83420629559B63003A2DEE /* WorkoutCircle.swift */; };
		BF83420929559BBD003A2DEE /* CalendarHeaderView.swift in Sources */ = {isa = PBXBuildFile; fileRef = BF83420829559BBD003A2DEE /* CalendarHeaderView.swift */; };
		BF83422B2955ADD7003A2DEE /* HomeView.swift in Sources */ = {isa = PBXBuildFile; fileRef = BF83422A2955ADD7003A2DEE /* HomeView.swift */; };
		BF83422D2955B0EC003A2DEE /* RecommendedTabsHeader.swift in Sources */ = {isa = PBXBuildFile; fileRef = BF83422C2955B0EC003A2DEE /* RecommendedTabsHeader.swift */; };
		BF83422F2955B223003A2DEE /* ComingSoon.swift in Sources */ = {isa = PBXBuildFile; fileRef = BF83422E2955B223003A2DEE /* ComingSoon.swift */; };
		BF8342312955B25A003A2DEE /* BetaTag.swift in Sources */ = {isa = PBXBuildFile; fileRef = BF8342302955B25A003A2DEE /* BetaTag.swift */; };
		BF8342332955B829003A2DEE /* AppIcon.swift in Sources */ = {isa = PBXBuildFile; fileRef = BF8342322955B829003A2DEE /* AppIcon.swift */; };
		BFB1F5BE294ACAE000422BAE /* OnboardingView.swift in Sources */ = {isa = PBXBuildFile; fileRef = BFB1F5BD294ACAE000422BAE /* OnboardingView.swift */; };
		BFB1F5C1294AD61D00422BAE /* BenchPressView.swift in Sources */ = {isa = PBXBuildFile; fileRef = BFB1F5C0294AD61D00422BAE /* BenchPressView.swift */; };
/* End PBXBuildFile section */

/* Begin PBXContainerItemProxy section */
		52A2B2D7293527B70061A712 /* PBXContainerItemProxy */ = {
			isa = PBXContainerItemProxy;
			containerPortal = 52A2B2B9293527B50061A712 /* Project object */;
			proxyType = 1;
			remoteGlobalIDString = 52A2B2C0293527B50061A712;
			remoteInfo = autopilot;
		};
		52A2B2E1293527B70061A712 /* PBXContainerItemProxy */ = {
			isa = PBXContainerItemProxy;
			containerPortal = 52A2B2B9293527B50061A712 /* Project object */;
			proxyType = 1;
			remoteGlobalIDString = 52A2B2C0293527B50061A712;
			remoteInfo = autopilot;
		};
/* End PBXContainerItemProxy section */

/* Begin PBXFileReference section */
		52A2B2C1293527B50061A712 /* autopilot.app */ = {isa = PBXFileReference; explicitFileType = wrapper.application; includeInIndex = 0; path = autopilot.app; sourceTree = BUILT_PRODUCTS_DIR; };
		52A2B2C4293527B50061A712 /* autopilotApp.swift */ = {isa = PBXFileReference; lastKnownFileType = sourcecode.swift; path = autopilotApp.swift; sourceTree = "<group>"; };
		52A2B2C6293527B50061A712 /* ContentView.swift */ = {isa = PBXFileReference; lastKnownFileType = sourcecode.swift; path = ContentView.swift; sourceTree = "<group>"; };
		52A2B2C8293527B70061A712 /* Assets.xcassets */ = {isa = PBXFileReference; lastKnownFileType = folder.assetcatalog; path = Assets.xcassets; sourceTree = "<group>"; };
		52A2B2CB293527B70061A712 /* Preview Assets.xcassets */ = {isa = PBXFileReference; lastKnownFileType = folder.assetcatalog; path = "Preview Assets.xcassets"; sourceTree = "<group>"; };
		52A2B2CD293527B70061A712 /* Persistence.swift */ = {isa = PBXFileReference; lastKnownFileType = sourcecode.swift; path = Persistence.swift; sourceTree = "<group>"; };
		52A2B2D0293527B70061A712 /* autopilot.xcdatamodel */ = {isa = PBXFileReference; lastKnownFileType = wrapper.xcdatamodel; path = autopilot.xcdatamodel; sourceTree = "<group>"; };
		52A2B2D6293527B70061A712 /* autopilotTests.xctest */ = {isa = PBXFileReference; explicitFileType = wrapper.cfbundle; includeInIndex = 0; path = autopilotTests.xctest; sourceTree = BUILT_PRODUCTS_DIR; };
		52A2B2DA293527B70061A712 /* autopilotTests.swift */ = {isa = PBXFileReference; lastKnownFileType = sourcecode.swift; path = autopilotTests.swift; sourceTree = "<group>"; };
		52A2B2E0293527B70061A712 /* autopilotUITests.xctest */ = {isa = PBXFileReference; explicitFileType = wrapper.cfbundle; includeInIndex = 0; path = autopilotUITests.xctest; sourceTree = BUILT_PRODUCTS_DIR; };
		52A2B2E4293527B70061A712 /* autopilotUITests.swift */ = {isa = PBXFileReference; lastKnownFileType = sourcecode.swift; path = autopilotUITests.swift; sourceTree = "<group>"; };
		52A2B2E6293527B70061A712 /* autopilotUITestsLaunchTests.swift */ = {isa = PBXFileReference; lastKnownFileType = sourcecode.swift; path = autopilotUITestsLaunchTests.swift; sourceTree = "<group>"; };
		52A2B2F329352EDE0061A712 /* SlideOverCard.swift */ = {isa = PBXFileReference; lastKnownFileType = sourcecode.swift; path = SlideOverCard.swift; sourceTree = "<group>"; };
		52A2B2F529352F6C0061A712 /* Handle.swift */ = {isa = PBXFileReference; lastKnownFileType = sourcecode.swift; path = Handle.swift; sourceTree = "<group>"; };
		52A2B2F8293530060061A712 /* BackgroundView.swift */ = {isa = PBXFileReference; lastKnownFileType = sourcecode.swift; path = BackgroundView.swift; sourceTree = "<group>"; };
		52A2B2FA293530C80061A712 /* Test.swift */ = {isa = PBXFileReference; lastKnownFileType = sourcecode.swift; path = Test.swift; sourceTree = "<group>"; };
		52A2B2FC293535BE0061A712 /* SearchBar.swift */ = {isa = PBXFileReference; lastKnownFileType = sourcecode.swift; path = SearchBar.swift; sourceTree = "<group>"; };
		52A2B2FE293543A80061A712 /* TabBarIcon.swift */ = {isa = PBXFileReference; lastKnownFileType = sourcecode.swift; path = TabBarIcon.swift; sourceTree = "<group>"; };
		52A2B301293553A50061A712 /* ChatView.swift */ = {isa = PBXFileReference; lastKnownFileType = sourcecode.swift; path = ChatView.swift; sourceTree = "<group>"; };
		52A2B3052935541B0061A712 /* MessageInputView.swift */ = {isa = PBXFileReference; lastKnownFileType = sourcecode.swift; path = MessageInputView.swift; sourceTree = "<group>"; };
		52A2B3082935548B0061A712 /* Message.swift */ = {isa = PBXFileReference; lastKnownFileType = sourcecode.swift; path = Message.swift; sourceTree = "<group>"; };
		52A2B30A293554DB0061A712 /* MessageView.swift */ = {isa = PBXFileReference; lastKnownFileType = sourcecode.swift; path = MessageView.swift; sourceTree = "<group>"; };
		52A2B30C293555370061A712 /* ChatBubble.swift */ = {isa = PBXFileReference; lastKnownFileType = sourcecode.swift; path = ChatBubble.swift; sourceTree = "<group>"; };
		52A8D7052935842200460525 /* UserProfileView.swift */ = {isa = PBXFileReference; lastKnownFileType = sourcecode.swift; path = UserProfileView.swift; sourceTree = "<group>"; };
		52A8D7072935851400460525 /* ProfileHeaderView.swift */ = {isa = PBXFileReference; lastKnownFileType = sourcecode.swift; path = ProfileHeaderView.swift; sourceTree = "<group>"; };
		52A8D7092935851B00460525 /* ProfileActionButtonView.swift */ = {isa = PBXFileReference; lastKnownFileType = sourcecode.swift; path = ProfileActionButtonView.swift; sourceTree = "<group>"; };
		52A8D70B2935852800460525 /* FilterButtonView.swift */ = {isa = PBXFileReference; lastKnownFileType = sourcecode.swift; path = FilterButtonView.swift; sourceTree = "<group>"; };
		52F452462935E39600406D3F /* NotificationNumLabel.swift */ = {isa = PBXFileReference; lastKnownFileType = sourcecode.swift; path = NotificationNumLabel.swift; sourceTree = "<group>"; };
		52F452492935EC0700406D3F /* LoginView.swift */ = {isa = PBXFileReference; lastKnownFileType = sourcecode.swift; path = LoginView.swift; sourceTree = "<group>"; };
		52F4524B2935EC0D00406D3F /* RegistrationView.swift */ = {isa = PBXFileReference; lastKnownFileType = sourcecode.swift; path = RegistrationView.swift; sourceTree = "<group>"; };
		52F4524D2935EEF400406D3F /* CustomTextField.swift */ = {isa = PBXFileReference; lastKnownFileType = sourcecode.swift; path = CustomTextField.swift; sourceTree = "<group>"; };
		52F4524F2935EEFD00406D3F /* TextArea.swift */ = {isa = PBXFileReference; lastKnownFileType = sourcecode.swift; path = TextArea.swift; sourceTree = "<group>"; };
		52F452512935F2C500406D3F /* CustomSecureField.swift */ = {isa = PBXFileReference; lastKnownFileType = sourcecode.swift; path = CustomSecureField.swift; sourceTree = "<group>"; };
		7122D4F82938409200BDF888 /* ArcModeDetailView.swift */ = {isa = PBXFileReference; lastKnownFileType = sourcecode.swift; path = ArcModeDetailView.swift; sourceTree = "<group>"; };
		7122D4FB2938424500BDF888 /* SlideOverCardContent.swift */ = {isa = PBXFileReference; lastKnownFileType = sourcecode.swift; path = SlideOverCardContent.swift; sourceTree = "<group>"; };
		7122D4FD2938470A00BDF888 /* FreeFlowArcMode.swift */ = {isa = PBXFileReference; lastKnownFileType = sourcecode.swift; path = FreeFlowArcMode.swift; sourceTree = "<group>"; };
		7122D4FF29384AFA00BDF888 /* RoutineModeView.swift */ = {isa = PBXFileReference; lastKnownFileType = sourcecode.swift; path = RoutineModeView.swift; sourceTree = "<group>"; };
		7122D509293860F700BDF888 /* AutopilotViewRouter.swift */ = {isa = PBXFileReference; lastKnownFileType = sourcecode.swift; path = AutopilotViewRouter.swift; sourceTree = "<group>"; };
		7122D50C2938A59A00BDF888 /* Popup.swift */ = {isa = PBXFileReference; lastKnownFileType = sourcecode.swift; path = Popup.swift; sourceTree = "<group>"; };
		7122D50E2938ACF700BDF888 /* ArcModeOverview.swift */ = {isa = PBXFileReference; lastKnownFileType = sourcecode.swift; path = ArcModeOverview.swift; sourceTree = "<group>"; };
		7122D5102938B09D00BDF888 /* SuccessView.swift */ = {isa = PBXFileReference; lastKnownFileType = sourcecode.swift; path = SuccessView.swift; sourceTree = "<group>"; };
		7122D5122938B3F000BDF888 /* Exercise.swift */ = {isa = PBXFileReference; lastKnownFileType = sourcecode.swift; path = Exercise.swift; sourceTree = "<group>"; };
		7122D5152938B66800BDF888 /* ArcModeViewRouter.swift */ = {isa = PBXFileReference; lastKnownFileType = sourcecode.swift; path = ArcModeViewRouter.swift; sourceTree = "<group>"; };
		7122D5172938BA8C00BDF888 /* ExerciseView.swift */ = {isa = PBXFileReference; lastKnownFileType = sourcecode.swift; path = ExerciseView.swift; sourceTree = "<group>"; };
		7122D51C2938BEE700BDF888 /* sun-salute.mp4 */ = {isa = PBXFileReference; lastKnownFileType = file; path = "sun-salute.mp4"; sourceTree = "<group>"; };
		7122D51E2938BEED00BDF888 /* burpee.mp4 */ = {isa = PBXFileReference; lastKnownFileType = file; path = burpee.mp4; sourceTree = "<group>"; };
		7122D5202938BEF500BDF888 /* step-up.mp4 */ = {isa = PBXFileReference; lastKnownFileType = file; path = "step-up.mp4"; sourceTree = "<group>"; };
		7122D5252938C7EA00BDF888 /* RatingView.swift */ = {isa = PBXFileReference; lastKnownFileType = sourcecode.swift; path = RatingView.swift; sourceTree = "<group>"; };
		7122D5272938CA2A00BDF888 /* History.swift */ = {isa = PBXFileReference; lastKnownFileType = sourcecode.swift; path = History.swift; sourceTree = "<group>"; };
		7122D5292938CB2D00BDF888 /* HistoryStoreDevData.swift */ = {isa = PBXFileReference; lastKnownFileType = sourcecode.swift; path = HistoryStoreDevData.swift; sourceTree = "<group>"; };
		71234FAE2936716800B2FEDC /* AuthViewModel.swift */ = {isa = PBXFileReference; lastKnownFileType = sourcecode.swift; path = AuthViewModel.swift; sourceTree = "<group>"; };
		71234FB0293688C700B2FEDC /* User.swift */ = {isa = PBXFileReference; lastKnownFileType = sourcecode.swift; path = User.swift; sourceTree = "<group>"; };
		71234FB229368FC000B2FEDC /* UserCell.swift */ = {isa = PBXFileReference; lastKnownFileType = sourcecode.swift; path = UserCell.swift; sourceTree = "<group>"; };
		71234FB42936926C00B2FEDC /* SearchView.swift */ = {isa = PBXFileReference; lastKnownFileType = sourcecode.swift; path = SearchView.swift; sourceTree = "<group>"; };
		71234FB6293696A800B2FEDC /* ImagePicker.swift */ = {isa = PBXFileReference; lastKnownFileType = sourcecode.swift; path = ImagePicker.swift; sourceTree = "<group>"; };
		71D2D4F82936B885004229B3 /* SearchViewModel.swift */ = {isa = PBXFileReference; lastKnownFileType = sourcecode.swift; path = SearchViewModel.swift; sourceTree = "<group>"; };
		71D2D4FB2936B9DB004229B3 /* Constants.swift */ = {isa = PBXFileReference; lastKnownFileType = sourcecode.swift; path = Constants.swift; sourceTree = "<group>"; };
		71D2D4FE2936CCB7004229B3 /* ArcCell.swift */ = {isa = PBXFileReference; lastKnownFileType = sourcecode.swift; path = ArcCell.swift; sourceTree = "<group>"; };
		71D2D5002936CCC9004229B3 /* ArcDetailView.swift */ = {isa = PBXFileReference; lastKnownFileType = sourcecode.swift; path = ArcDetailView.swift; sourceTree = "<group>"; };
		71D2D5022936CCD7004229B3 /* ArcActionsView.swift */ = {isa = PBXFileReference; lastKnownFileType = sourcecode.swift; path = ArcActionsView.swift; sourceTree = "<group>"; };
		71D2D5042936CCFE004229B3 /* Arc.swift */ = {isa = PBXFileReference; lastKnownFileType = sourcecode.swift; path = Arc.swift; sourceTree = "<group>"; };
		71D2D5072936D7A0004229B3 /* FeedView.swift */ = {isa = PBXFileReference; lastKnownFileType = sourcecode.swift; path = FeedView.swift; sourceTree = "<group>"; };
		71D2D5092936D9A1004229B3 /* GodView.swift */ = {isa = PBXFileReference; lastKnownFileType = sourcecode.swift; path = GodView.swift; sourceTree = "<group>"; };
		71D2D50C2936D9E2004229B3 /* GodFilterButtonView.swift */ = {isa = PBXFileReference; lastKnownFileType = sourcecode.swift; path = GodFilterButtonView.swift; sourceTree = "<group>"; };
		71D2D50E2936DFFA004229B3 /* NewArcView.swift */ = {isa = PBXFileReference; lastKnownFileType = sourcecode.swift; path = NewArcView.swift; sourceTree = "<group>"; };
		71D2D5122936E4D2004229B3 /* UploadArcViewModel.swift */ = {isa = PBXFileReference; lastKnownFileType = sourcecode.swift; path = UploadArcViewModel.swift; sourceTree = "<group>"; };
		71D2D5142936EE2B004229B3 /* FeedViewModel.swift */ = {isa = PBXFileReference; lastKnownFileType = sourcecode.swift; path = FeedViewModel.swift; sourceTree = "<group>"; };
		71D2D5162936F486004229B3 /* ProfileViewModel.swift */ = {isa = PBXFileReference; lastKnownFileType = sourcecode.swift; path = ProfileViewModel.swift; sourceTree = "<group>"; };
		71D2D5182936FD2D004229B3 /* ConversationsView.swift */ = {isa = PBXFileReference; lastKnownFileType = sourcecode.swift; path = ConversationsView.swift; sourceTree = "<group>"; };
		71D2D51A2936FD8A004229B3 /* ConversationCell.swift */ = {isa = PBXFileReference; lastKnownFileType = sourcecode.swift; path = ConversationCell.swift; sourceTree = "<group>"; };
		71D2D51C293702A2004229B3 /* ChatViewModel.swift */ = {isa = PBXFileReference; lastKnownFileType = sourcecode.swift; path = ChatViewModel.swift; sourceTree = "<group>"; };
		71D2D524293715E8004229B3 /* ConversationsViewModel.swift */ = {isa = PBXFileReference; lastKnownFileType = sourcecode.swift; path = ConversationsViewModel.swift; sourceTree = "<group>"; };
		71D2D52629371C31004229B3 /* NewMessageView.swift */ = {isa = PBXFileReference; lastKnownFileType = sourcecode.swift; path = NewMessageView.swift; sourceTree = "<group>"; };
		71D2D528293721AE004229B3 /* LazyView.swift */ = {isa = PBXFileReference; lastKnownFileType = sourcecode.swift; path = LazyView.swift; sourceTree = "<group>"; };
		71D2D52A29372A9B004229B3 /* ArcCard.swift */ = {isa = PBXFileReference; lastKnownFileType = sourcecode.swift; path = ArcCard.swift; sourceTree = "<group>"; };
		71D2D52C29376AD5004229B3 /* CustomBlurView.swift */ = {isa = PBXFileReference; lastKnownFileType = sourcecode.swift; path = CustomBlurView.swift; sourceTree = "<group>"; };
		71D2D52E29377443004229B3 /* GlassMorphicCard.swift */ = {isa = PBXFileReference; lastKnownFileType = sourcecode.swift; path = GlassMorphicCard.swift; sourceTree = "<group>"; };
		71D2D53829379DF8004229B3 /* CarouselView.swift */ = {isa = PBXFileReference; fileEncoding = 4; lastKnownFileType = sourcecode.swift; path = CarouselView.swift; sourceTree = "<group>"; };
		71D2D53A2937A0FF004229B3 /* ArcCardContent.swift */ = {isa = PBXFileReference; lastKnownFileType = sourcecode.swift; path = ArcCardContent.swift; sourceTree = "<group>"; };
		71D2D53C2937A916004229B3 /* MadeForYou.swift */ = {isa = PBXFileReference; lastKnownFileType = sourcecode.swift; path = MadeForYou.swift; sourceTree = "<group>"; };
		BF2CA080293AADA200E0BAF8 /* ArcModeSlideOver.swift */ = {isa = PBXFileReference; lastKnownFileType = sourcecode.swift; path = ArcModeSlideOver.swift; sourceTree = "<group>"; };
		BF2CA082293AD1AA00E0BAF8 /* TimerView.swift */ = {isa = PBXFileReference; lastKnownFileType = sourcecode.swift; path = TimerView.swift; sourceTree = "<group>"; };
		BF2CA084293AE4A000E0BAF8 /* GenerateWorkoutView.swift */ = {isa = PBXFileReference; lastKnownFileType = sourcecode.swift; path = GenerateWorkoutView.swift; sourceTree = "<group>"; };
		BF48CFDC29599A2F0009FBF9 /* AppDelegate.swift */ = {isa = PBXFileReference; lastKnownFileType = sourcecode.swift; path = AppDelegate.swift; sourceTree = "<group>"; };
		BF48CFEB2959A0540009FBF9 /* autopilot.entitlements */ = {isa = PBXFileReference; lastKnownFileType = text.plist.entitlements; path = autopilot.entitlements; sourceTree = "<group>"; };
		BF48CFEC2959A0590009FBF9 /* Info.plist */ = {isa = PBXFileReference; lastKnownFileType = text.plist; path = Info.plist; sourceTree = "<group>"; };
		BF48CFED2959A14B0009FBF9 /* GoogleService-Info.plist */ = {isa = PBXFileReference; fileEncoding = 4; lastKnownFileType = text.plist.xml; path = "GoogleService-Info.plist"; sourceTree = "<group>"; };
		BF48CFEF2959C9C00009FBF9 /* TasksView.swift */ = {isa = PBXFileReference; lastKnownFileType = sourcecode.swift; path = TasksView.swift; sourceTree = "<group>"; };
		BF48CFF12959CBA30009FBF9 /* IconDrawer.swift */ = {isa = PBXFileReference; lastKnownFileType = sourcecode.swift; path = IconDrawer.swift; sourceTree = "<group>"; };
		BF48CFF32959D4870009FBF9 /* IconRow.swift */ = {isa = PBXFileReference; lastKnownFileType = sourcecode.swift; path = IconRow.swift; sourceTree = "<group>"; };
		BF48CFF62959D9920009FBF9 /* ScheduleView.swift */ = {isa = PBXFileReference; lastKnownFileType = sourcecode.swift; path = ScheduleView.swift; sourceTree = "<group>"; };
		BF48CFF9295A9F3A0009FBF9 /* UploadToDoTrainingRoutineViewModel.swift */ = {isa = PBXFileReference; lastKnownFileType = sourcecode.swift; path = UploadToDoTrainingRoutineViewModel.swift; sourceTree = "<group>"; };
		BF557FA1295ADF47001EC5F7 /* BottomSheet.swift */ = {isa = PBXFileReference; lastKnownFileType = sourcecode.swift; path = BottomSheet.swift; sourceTree = "<group>"; };
		BF557FA5295C49B2001EC5F7 /* DummyView.swift */ = {isa = PBXFileReference; lastKnownFileType = sourcecode.swift; path = DummyView.swift; sourceTree = "<group>"; };
		BF557FA7295C7F38001EC5F7 /* TasksTodayView.swift */ = {isa = PBXFileReference; lastKnownFileType = sourcecode.swift; path = TasksTodayView.swift; sourceTree = "<group>"; };
		BF557FA9295C7F43001EC5F7 /* TasksInboxView.swift */ = {isa = PBXFileReference; lastKnownFileType = sourcecode.swift; path = TasksInboxView.swift; sourceTree = "<group>"; };
		BF557FAB295C7F4F001EC5F7 /* TasksUpcomingView.swift */ = {isa = PBXFileReference; lastKnownFileType = sourcecode.swift; path = TasksUpcomingView.swift; sourceTree = "<group>"; };
		BF557FAE295C814E001EC5F7 /* ProjectsSectionHeader.swift */ = {isa = PBXFileReference; lastKnownFileType = sourcecode.swift; path = ProjectsSectionHeader.swift; sourceTree = "<group>"; };
		BF557FB0295C8166001EC5F7 /* FavoritesSectionHeader.swift */ = {isa = PBXFileReference; lastKnownFileType = sourcecode.swift; path = FavoritesSectionHeader.swift; sourceTree = "<group>"; };
		BF557FB2295C864E001EC5F7 /* ProjectView.swift */ = {isa = PBXFileReference; lastKnownFileType = sourcecode.swift; path = ProjectView.swift; sourceTree = "<group>"; };
		BF70BC19295EB8D900175957 /* BlackGradient.swift */ = {isa = PBXFileReference; lastKnownFileType = sourcecode.swift; path = BlackGradient.swift; sourceTree = "<group>"; };
		BF70BC1B295EBA3E00175957 /* Routine.swift */ = {isa = PBXFileReference; lastKnownFileType = sourcecode.swift; path = Routine.swift; sourceTree = "<group>"; };
		BF70BC1D295EBCC200175957 /* RoutineViewModel.swift */ = {isa = PBXFileReference; lastKnownFileType = sourcecode.swift; path = RoutineViewModel.swift; sourceTree = "<group>"; };
		BF70BC1F295F65DD00175957 /* IndividualTaskView.swift */ = {isa = PBXFileReference; lastKnownFileType = sourcecode.swift; path = IndividualTaskView.swift; sourceTree = "<group>"; };
		BF8341EE29558B14003A2DEE /* NonAdminView.swift */ = {isa = PBXFileReference; lastKnownFileType = sourcecode.swift; path = NonAdminView.swift; sourceTree = "<group>"; };
		BF8341F029558B3F003A2DEE /* AdminView.swift */ = {isa = PBXFileReference; lastKnownFileType = sourcecode.swift; path = AdminView.swift; sourceTree = "<group>"; };
		BF8341F329559280003A2DEE /* WorkoutsView.swift */ = {isa = PBXFileReference; lastKnownFileType = sourcecode.swift; path = WorkoutsView.swift; sourceTree = "<group>"; };
		BF8341FC295592E2003A2DEE /* WorkoutsViewModel.swift */ = {isa = PBXFileReference; lastKnownFileType = sourcecode.swift; path = WorkoutsViewModel.swift; sourceTree = "<group>"; };
		BF8341FE29559355003A2DEE /* WorkoutRowView.swift */ = {isa = PBXFileReference; lastKnownFileType = sourcecode.swift; path = WorkoutRowView.swift; sourceTree = "<group>"; };
		BF83420029559375003A2DEE /* WorkoutsHeader.swift */ = {isa = PBXFileReference; lastKnownFileType = sourcecode.swift; path = WorkoutsHeader.swift; sourceTree = "<group>"; };
		BF83420629559B63003A2DEE /* WorkoutCircle.swift */ = {isa = PBXFileReference; lastKnownFileType = sourcecode.swift; path = WorkoutCircle.swift; sourceTree = "<group>"; };
		BF83420829559BBD003A2DEE /* CalendarHeaderView.swift */ = {isa = PBXFileReference; lastKnownFileType = sourcecode.swift; path = CalendarHeaderView.swift; sourceTree = "<group>"; };
		BF83422A2955ADD7003A2DEE /* HomeView.swift */ = {isa = PBXFileReference; lastKnownFileType = sourcecode.swift; path = HomeView.swift; sourceTree = "<group>"; };
		BF83422C2955B0EC003A2DEE /* RecommendedTabsHeader.swift */ = {isa = PBXFileReference; lastKnownFileType = sourcecode.swift; path = RecommendedTabsHeader.swift; sourceTree = "<group>"; };
		BF83422E2955B223003A2DEE /* ComingSoon.swift */ = {isa = PBXFileReference; lastKnownFileType = sourcecode.swift; path = ComingSoon.swift; sourceTree = "<group>"; };
		BF8342302955B25A003A2DEE /* BetaTag.swift */ = {isa = PBXFileReference; lastKnownFileType = sourcecode.swift; path = BetaTag.swift; sourceTree = "<group>"; };
		BF8342322955B829003A2DEE /* AppIcon.swift */ = {isa = PBXFileReference; lastKnownFileType = sourcecode.swift; path = AppIcon.swift; sourceTree = "<group>"; };
		BFB1F5BD294ACAE000422BAE /* OnboardingView.swift */ = {isa = PBXFileReference; lastKnownFileType = sourcecode.swift; path = OnboardingView.swift; sourceTree = "<group>"; };
		BFB1F5C0294AD61D00422BAE /* BenchPressView.swift */ = {isa = PBXFileReference; lastKnownFileType = sourcecode.swift; path = BenchPressView.swift; sourceTree = "<group>"; };
/* End PBXFileReference section */

/* Begin PBXFrameworksBuildPhase section */
		52A2B2BE293527B50061A712 /* Frameworks */ = {
			isa = PBXFrameworksBuildPhase;
			buildActionMask = 2147483647;
			files = (
				BF48CFE829599B5B0009FBF9 /* FirebaseMessaging in Frameworks */,
				BF48CFE029599B5B0009FBF9 /* FirebaseAnalytics in Frameworks */,
				BF48CFE429599B5B0009FBF9 /* FirebaseFirestore in Frameworks */,
				BF48CFE629599B5B0009FBF9 /* FirebaseFunctions in Frameworks */,
				BF48CFEA29599B5C0009FBF9 /* FirebaseStorage in Frameworks */,
				BF48CFE229599B5B0009FBF9 /* FirebaseAuth in Frameworks */,
				71D2D4F72936B851004229B3 /* Kingfisher in Frameworks */,
			);
			runOnlyForDeploymentPostprocessing = 0;
		};
		52A2B2D3293527B70061A712 /* Frameworks */ = {
			isa = PBXFrameworksBuildPhase;
			buildActionMask = 2147483647;
			files = (
			);
			runOnlyForDeploymentPostprocessing = 0;
		};
		52A2B2DD293527B70061A712 /* Frameworks */ = {
			isa = PBXFrameworksBuildPhase;
			buildActionMask = 2147483647;
			files = (
			);
			runOnlyForDeploymentPostprocessing = 0;
		};
/* End PBXFrameworksBuildPhase section */

/* Begin PBXGroup section */
		52A2B2B8293527B50061A712 = {
			isa = PBXGroup;
			children = (
				52A2B2FA293530C80061A712 /* Test.swift */,
				52A2B2C3293527B50061A712 /* autopilot */,
				52A2B2D9293527B70061A712 /* autopilotTests */,
				52A2B2E3293527B70061A712 /* autopilotUITests */,
				52A2B2C2293527B50061A712 /* Products */,
			);
			sourceTree = "<group>";
		};
		52A2B2C2293527B50061A712 /* Products */ = {
			isa = PBXGroup;
			children = (
				52A2B2C1293527B50061A712 /* autopilot.app */,
				52A2B2D6293527B70061A712 /* autopilotTests.xctest */,
				52A2B2E0293527B70061A712 /* autopilotUITests.xctest */,
			);
			name = Products;
			sourceTree = "<group>";
		};
		52A2B2C3293527B50061A712 /* autopilot */ = {
			isa = PBXGroup;
			children = (
				BF48CFED2959A14B0009FBF9 /* GoogleService-Info.plist */,
				BF48CFEC2959A0590009FBF9 /* Info.plist */,
				BF48CFEB2959A0540009FBF9 /* autopilot.entitlements */,
				7122D51B2938BEE000BDF888 /* Videos */,
				52A2B2C4293527B50061A712 /* autopilotApp.swift */,
				71D2D4FD2936C9AD004229B3 /* Arcs */,
				71D2D4FA2936B9BB004229B3 /* Utils */,
				52A2B303293553A90061A712 /* Views */,
				71234FAD2936715600B2FEDC /* ViewModel */,
				52A2B307293554790061A712 /* Models */,
				52A2B300293543EC0061A712 /* TabBar */,
				52A2B2C8293527B70061A712 /* Assets.xcassets */,
				52A2B2CD293527B70061A712 /* Persistence.swift */,
				52A2B2CF293527B70061A712 /* autopilot.xcdatamodeld */,
				52A2B2CA293527B70061A712 /* Preview Content */,
				BF48CFDC29599A2F0009FBF9 /* AppDelegate.swift */,
			);
			path = autopilot;
			sourceTree = "<group>";
		};
		52A2B2CA293527B70061A712 /* Preview Content */ = {
			isa = PBXGroup;
			children = (
				52A2B2CB293527B70061A712 /* Preview Assets.xcassets */,
				7122D5292938CB2D00BDF888 /* HistoryStoreDevData.swift */,
			);
			path = "Preview Content";
			sourceTree = "<group>";
		};
		52A2B2D9293527B70061A712 /* autopilotTests */ = {
			isa = PBXGroup;
			children = (
				52A2B2DA293527B70061A712 /* autopilotTests.swift */,
			);
			path = autopilotTests;
			sourceTree = "<group>";
		};
		52A2B2E3293527B70061A712 /* autopilotUITests */ = {
			isa = PBXGroup;
			children = (
				52A2B2E4293527B70061A712 /* autopilotUITests.swift */,
				52A2B2E6293527B70061A712 /* autopilotUITestsLaunchTests.swift */,
			);
			path = autopilotUITests;
			sourceTree = "<group>";
		};
		52A2B2F729352F7E0061A712 /* SlideOver */ = {
			isa = PBXGroup;
			children = (
				52F452462935E39600406D3F /* NotificationNumLabel.swift */,
				52A2B2FC293535BE0061A712 /* SearchBar.swift */,
				52A2B2F329352EDE0061A712 /* SlideOverCard.swift */,
				52A2B2F529352F6C0061A712 /* Handle.swift */,
				7122D4FB2938424500BDF888 /* SlideOverCardContent.swift */,
				BF83422C2955B0EC003A2DEE /* RecommendedTabsHeader.swift */,
				BF83422E2955B223003A2DEE /* ComingSoon.swift */,
				BF8342302955B25A003A2DEE /* BetaTag.swift */,
				BF48CFF12959CBA30009FBF9 /* IconDrawer.swift */,
				BF8342322955B829003A2DEE /* AppIcon.swift */,
				BF48CFF32959D4870009FBF9 /* IconRow.swift */,
			);
			path = SlideOver;
			sourceTree = "<group>";
		};
		52A2B300293543EC0061A712 /* TabBar */ = {
			isa = PBXGroup;
			children = (
				52A2B2FE293543A80061A712 /* TabBarIcon.swift */,
			);
			path = TabBar;
			sourceTree = "<group>";
		};
		52A2B303293553A90061A712 /* Views */ = {
			isa = PBXGroup;
			children = (
				BF557FA0295ADF34001EC5F7 /* BottomSheet */,
				BF48CFF52959D98B0009FBF9 /* Schedule */,
				52A2B2F729352F7E0061A712 /* SlideOver */,
				BF8341F229559273003A2DEE /* Workouts */,
				BF8341ED29558AB1003A2DEE /* Main */,
				BFB1F5CB294AE9F700422BAE /* Tasks */,
				BFB1F5BC294ACACE00422BAE /* Onboarding */,
				7122D50129384B0600BDF888 /* Arc */,
				71D2D50B2936D9D0004229B3 /* God */,
				52A2B2F8293530060061A712 /* BackgroundView.swift */,
				52F452482935EBFA00406D3F /* Authentication */,
				52A8D7022935831A00460525 /* Profile */,
				52A2B304293553B40061A712 /* Messages */,
				52F4524D2935EEF400406D3F /* CustomTextField.swift */,
				52F4524F2935EEFD00406D3F /* TextArea.swift */,
				52F452512935F2C500406D3F /* CustomSecureField.swift */,
				71234FB229368FC000B2FEDC /* UserCell.swift */,
				71234FB42936926C00B2FEDC /* SearchView.swift */,
				71234FB6293696A800B2FEDC /* ImagePicker.swift */,
			);
			path = Views;
			sourceTree = "<group>";
		};
		52A2B304293553B40061A712 /* Messages */ = {
			isa = PBXGroup;
			children = (
				52A2B301293553A50061A712 /* ChatView.swift */,
				52A2B3052935541B0061A712 /* MessageInputView.swift */,
				52A2B30A293554DB0061A712 /* MessageView.swift */,
				52A2B30C293555370061A712 /* ChatBubble.swift */,
				71D2D5182936FD2D004229B3 /* ConversationsView.swift */,
				71D2D51A2936FD8A004229B3 /* ConversationCell.swift */,
				71D2D52629371C31004229B3 /* NewMessageView.swift */,
			);
			path = Messages;
			sourceTree = "<group>";
		};
		52A2B307293554790061A712 /* Models */ = {
			isa = PBXGroup;
			children = (
				52A2B3082935548B0061A712 /* Message.swift */,
				71234FB0293688C700B2FEDC /* User.swift */,
				71D2D5042936CCFE004229B3 /* Arc.swift */,
				7122D5122938B3F000BDF888 /* Exercise.swift */,
				7122D5272938CA2A00BDF888 /* History.swift */,
				BF70BC1B295EBA3E00175957 /* Routine.swift */,
			);
			path = Models;
			sourceTree = "<group>";
		};
		52A8D7022935831A00460525 /* Profile */ = {
			isa = PBXGroup;
			children = (
				52A8D7052935842200460525 /* UserProfileView.swift */,
				52A8D7072935851400460525 /* ProfileHeaderView.swift */,
				52A8D7092935851B00460525 /* ProfileActionButtonView.swift */,
				52A8D70B2935852800460525 /* FilterButtonView.swift */,
				BF2CA084293AE4A000E0BAF8 /* GenerateWorkoutView.swift */,
			);
			path = Profile;
			sourceTree = "<group>";
		};
		52F452482935EBFA00406D3F /* Authentication */ = {
			isa = PBXGroup;
			children = (
				52F452492935EC0700406D3F /* LoginView.swift */,
				52F4524B2935EC0D00406D3F /* RegistrationView.swift */,
			);
			path = Authentication;
			sourceTree = "<group>";
		};
		7122D50129384B0600BDF888 /* Arc */ = {
			isa = PBXGroup;
			children = (
				7122D50429384ED500BDF888 /* ArcMode */,
				7122D4F82938409200BDF888 /* ArcModeDetailView.swift */,
			);
			path = Arc;
			sourceTree = "<group>";
		};
		7122D50429384ED500BDF888 /* ArcMode */ = {
			isa = PBXGroup;
			children = (
				BFB1F5BF294AD57400422BAE /* AnimatedViews */,
				7122D5142938B65900BDF888 /* ArcModeViewRouter */,
				7122D4FD2938470A00BDF888 /* FreeFlowArcMode.swift */,
				7122D4FF29384AFA00BDF888 /* RoutineModeView.swift */,
				7122D50E2938ACF700BDF888 /* ArcModeOverview.swift */,
				7122D5102938B09D00BDF888 /* SuccessView.swift */,
				7122D5172938BA8C00BDF888 /* ExerciseView.swift */,
				7122D5252938C7EA00BDF888 /* RatingView.swift */,
				BF2CA080293AADA200E0BAF8 /* ArcModeSlideOver.swift */,
				BF2CA082293AD1AA00E0BAF8 /* TimerView.swift */,
				BF70BC19295EB8D900175957 /* BlackGradient.swift */,
			);
			path = ArcMode;
			sourceTree = "<group>";
		};
		7122D50B2938A57A00BDF888 /* Popup */ = {
			isa = PBXGroup;
			children = (
				7122D50C2938A59A00BDF888 /* Popup.swift */,
			);
			path = Popup;
			sourceTree = "<group>";
		};
		7122D5142938B65900BDF888 /* ArcModeViewRouter */ = {
			isa = PBXGroup;
			children = (
				7122D5152938B66800BDF888 /* ArcModeViewRouter.swift */,
			);
			path = ArcModeViewRouter;
			sourceTree = "<group>";
		};
		7122D51B2938BEE000BDF888 /* Videos */ = {
			isa = PBXGroup;
			children = (
				7122D5202938BEF500BDF888 /* step-up.mp4 */,
				7122D51E2938BEED00BDF888 /* burpee.mp4 */,
				7122D51C2938BEE700BDF888 /* sun-salute.mp4 */,
			);
			path = Videos;
			sourceTree = "<group>";
		};
		71234FAD2936715600B2FEDC /* ViewModel */ = {
			isa = PBXGroup;
			children = (
				BF48CFF8295A93690009FBF9 /* RoutineMode */,
				BF8341FB295592CC003A2DEE /* Arc */,
				BF8341FA295592C3003A2DEE /* Search */,
				BF8341F9295592B5003A2DEE /* Auth */,
				BF8341F8295592AA003A2DEE /* Profile */,
				BF8341F7295592A3003A2DEE /* Feed */,
				BF8341F629559291003A2DEE /* Messaging */,
				BF8341F529559289003A2DEE /* Workouts */,
			);
			path = ViewModel;
			sourceTree = "<group>";
		};
		71D2D4FA2936B9BB004229B3 /* Utils */ = {
			isa = PBXGroup;
			children = (
				7122D50B2938A57A00BDF888 /* Popup */,
				71D2D4FB2936B9DB004229B3 /* Constants.swift */,
				71D2D528293721AE004229B3 /* LazyView.swift */,
				71D2D52C29376AD5004229B3 /* CustomBlurView.swift */,
				71D2D52E29377443004229B3 /* GlassMorphicCard.swift */,
				7122D509293860F700BDF888 /* AutopilotViewRouter.swift */,
			);
			path = Utils;
			sourceTree = "<group>";
		};
		71D2D4FD2936C9AD004229B3 /* Arcs */ = {
			isa = PBXGroup;
			children = (
				71D2D4FE2936CCB7004229B3 /* ArcCell.swift */,
				71D2D5002936CCC9004229B3 /* ArcDetailView.swift */,
				71D2D5022936CCD7004229B3 /* ArcActionsView.swift */,
				71D2D50E2936DFFA004229B3 /* NewArcView.swift */,
				71D2D52A29372A9B004229B3 /* ArcCard.swift */,
				71D2D53A2937A0FF004229B3 /* ArcCardContent.swift */,
				71D2D53C2937A916004229B3 /* MadeForYou.swift */,
			);
			path = Arcs;
			sourceTree = "<group>";
		};
		71D2D5062936D791004229B3 /* Feed */ = {
			isa = PBXGroup;
			children = (
				71D2D5072936D7A0004229B3 /* FeedView.swift */,
				71D2D53829379DF8004229B3 /* CarouselView.swift */,
			);
			path = Feed;
			sourceTree = "<group>";
		};
		71D2D50B2936D9D0004229B3 /* God */ = {
			isa = PBXGroup;
			children = (
				71D2D5062936D791004229B3 /* Feed */,
				71D2D5092936D9A1004229B3 /* GodView.swift */,
				71D2D50C2936D9E2004229B3 /* GodFilterButtonView.swift */,
			);
			path = God;
			sourceTree = "<group>";
		};
		BF48CFF52959D98B0009FBF9 /* Schedule */ = {
			isa = PBXGroup;
			children = (
				BF48CFF62959D9920009FBF9 /* ScheduleView.swift */,
			);
			path = Schedule;
			sourceTree = "<group>";
		};
		BF48CFF8295A93690009FBF9 /* RoutineMode */ = {
			isa = PBXGroup;
			children = (
				BF48CFF9295A9F3A0009FBF9 /* UploadToDoTrainingRoutineViewModel.swift */,
				BF70BC1D295EBCC200175957 /* RoutineViewModel.swift */,
			);
			path = RoutineMode;
			sourceTree = "<group>";
		};
		BF557FA0295ADF34001EC5F7 /* BottomSheet */ = {
			isa = PBXGroup;
			children = (
				BF557FA1295ADF47001EC5F7 /* BottomSheet.swift */,
				BF557FA5295C49B2001EC5F7 /* DummyView.swift */,
			);
			path = BottomSheet;
			sourceTree = "<group>";
		};
		BF557FAD295C8143001EC5F7 /* Headers */ = {
			isa = PBXGroup;
			children = (
				BF557FAE295C814E001EC5F7 /* ProjectsSectionHeader.swift */,
				BF557FB0295C8166001EC5F7 /* FavoritesSectionHeader.swift */,
			);
			path = Headers;
			sourceTree = "<group>";
		};
		BF8341ED29558AB1003A2DEE /* Main */ = {
			isa = PBXGroup;
			children = (
				52A2B2C6293527B50061A712 /* ContentView.swift */,
				BF8341EE29558B14003A2DEE /* NonAdminView.swift */,
				BF8341F029558B3F003A2DEE /* AdminView.swift */,
				BF83422A2955ADD7003A2DEE /* HomeView.swift */,
			);
			path = Main;
			sourceTree = "<group>";
		};
		BF8341F229559273003A2DEE /* Workouts */ = {
			isa = PBXGroup;
			children = (
				BF8341F329559280003A2DEE /* WorkoutsView.swift */,
				BF8341FE29559355003A2DEE /* WorkoutRowView.swift */,
				BF83420029559375003A2DEE /* WorkoutsHeader.swift */,
				BF83420629559B63003A2DEE /* WorkoutCircle.swift */,
				BF83420829559BBD003A2DEE /* CalendarHeaderView.swift */,
			);
			path = Workouts;
			sourceTree = "<group>";
		};
		BF8341F529559289003A2DEE /* Workouts */ = {
			isa = PBXGroup;
			children = (
				BF8341FC295592E2003A2DEE /* WorkoutsViewModel.swift */,
			);
			path = Workouts;
			sourceTree = "<group>";
		};
		BF8341F629559291003A2DEE /* Messaging */ = {
			isa = PBXGroup;
			children = (
				71D2D524293715E8004229B3 /* ConversationsViewModel.swift */,
				71D2D51C293702A2004229B3 /* ChatViewModel.swift */,
			);
			path = Messaging;
			sourceTree = "<group>";
		};
		BF8341F7295592A3003A2DEE /* Feed */ = {
			isa = PBXGroup;
			children = (
				71D2D5142936EE2B004229B3 /* FeedViewModel.swift */,
			);
			path = Feed;
			sourceTree = "<group>";
		};
		BF8341F8295592AA003A2DEE /* Profile */ = {
			isa = PBXGroup;
			children = (
				71D2D5162936F486004229B3 /* ProfileViewModel.swift */,
			);
			path = Profile;
			sourceTree = "<group>";
		};
		BF8341F9295592B5003A2DEE /* Auth */ = {
			isa = PBXGroup;
			children = (
				71234FAE2936716800B2FEDC /* AuthViewModel.swift */,
			);
			path = Auth;
			sourceTree = "<group>";
		};
		BF8341FA295592C3003A2DEE /* Search */ = {
			isa = PBXGroup;
			children = (
				71D2D4F82936B885004229B3 /* SearchViewModel.swift */,
			);
			path = Search;
			sourceTree = "<group>";
		};
		BF8341FB295592CC003A2DEE /* Arc */ = {
			isa = PBXGroup;
			children = (
				71D2D5122936E4D2004229B3 /* UploadArcViewModel.swift */,
			);
			path = Arc;
			sourceTree = "<group>";
		};
		BFB1F5BC294ACACE00422BAE /* Onboarding */ = {
			isa = PBXGroup;
			children = (
				BFB1F5BD294ACAE000422BAE /* OnboardingView.swift */,
			);
			path = Onboarding;
			sourceTree = "<group>";
		};
		BFB1F5BF294AD57400422BAE /* AnimatedViews */ = {
			isa = PBXGroup;
			children = (
				BFB1F5C0294AD61D00422BAE /* BenchPressView.swift */,
			);
			path = AnimatedViews;
			sourceTree = "<group>";
		};
		BFB1F5CB294AE9F700422BAE /* Tasks */ = {
			isa = PBXGroup;
			children = (
				BF557FAD295C8143001EC5F7 /* Headers */,
				BF48CFEF2959C9C00009FBF9 /* TasksView.swift */,
				BF557FA7295C7F38001EC5F7 /* TasksTodayView.swift */,
				BF557FA9295C7F43001EC5F7 /* TasksInboxView.swift */,
				BF557FAB295C7F4F001EC5F7 /* TasksUpcomingView.swift */,
				BF557FB2295C864E001EC5F7 /* ProjectView.swift */,
				BF70BC1F295F65DD00175957 /* IndividualTaskView.swift */,
			);
			path = Tasks;
			sourceTree = "<group>";
		};
/* End PBXGroup section */

/* Begin PBXNativeTarget section */
		52A2B2C0293527B50061A712 /* autopilot */ = {
			isa = PBXNativeTarget;
			buildConfigurationList = 52A2B2EA293527B70061A712 /* Build configuration list for PBXNativeTarget "autopilot" */;
			buildPhases = (
				52A2B2BD293527B50061A712 /* Sources */,
				52A2B2BE293527B50061A712 /* Frameworks */,
				52A2B2BF293527B50061A712 /* Resources */,
			);
			buildRules = (
			);
			dependencies = (
			);
			name = autopilot;
			packageProductDependencies = (
				71D2D4F62936B851004229B3 /* Kingfisher */,
				BF48CFDF29599B5B0009FBF9 /* FirebaseAnalytics */,
				BF48CFE129599B5B0009FBF9 /* FirebaseAuth */,
				BF48CFE329599B5B0009FBF9 /* FirebaseFirestore */,
				BF48CFE529599B5B0009FBF9 /* FirebaseFunctions */,
				BF48CFE729599B5B0009FBF9 /* FirebaseMessaging */,
				BF48CFE929599B5C0009FBF9 /* FirebaseStorage */,
			);
			productName = autopilot;
			productReference = 52A2B2C1293527B50061A712 /* autopilot.app */;
			productType = "com.apple.product-type.application";
		};
		52A2B2D5293527B70061A712 /* autopilotTests */ = {
			isa = PBXNativeTarget;
			buildConfigurationList = 52A2B2ED293527B70061A712 /* Build configuration list for PBXNativeTarget "autopilotTests" */;
			buildPhases = (
				52A2B2D2293527B70061A712 /* Sources */,
				52A2B2D3293527B70061A712 /* Frameworks */,
				52A2B2D4293527B70061A712 /* Resources */,
			);
			buildRules = (
			);
			dependencies = (
				52A2B2D8293527B70061A712 /* PBXTargetDependency */,
			);
			name = autopilotTests;
			productName = autopilotTests;
			productReference = 52A2B2D6293527B70061A712 /* autopilotTests.xctest */;
			productType = "com.apple.product-type.bundle.unit-test";
		};
		52A2B2DF293527B70061A712 /* autopilotUITests */ = {
			isa = PBXNativeTarget;
			buildConfigurationList = 52A2B2F0293527B70061A712 /* Build configuration list for PBXNativeTarget "autopilotUITests" */;
			buildPhases = (
				52A2B2DC293527B70061A712 /* Sources */,
				52A2B2DD293527B70061A712 /* Frameworks */,
				52A2B2DE293527B70061A712 /* Resources */,
			);
			buildRules = (
			);
			dependencies = (
				52A2B2E2293527B70061A712 /* PBXTargetDependency */,
			);
			name = autopilotUITests;
			productName = autopilotUITests;
			productReference = 52A2B2E0293527B70061A712 /* autopilotUITests.xctest */;
			productType = "com.apple.product-type.bundle.ui-testing";
		};
/* End PBXNativeTarget section */

/* Begin PBXProject section */
		52A2B2B9293527B50061A712 /* Project object */ = {
			isa = PBXProject;
			attributes = {
				BuildIndependentTargetsInParallel = 1;
				LastSwiftUpdateCheck = 1410;
				LastUpgradeCheck = 1410;
				TargetAttributes = {
					52A2B2C0293527B50061A712 = {
						CreatedOnToolsVersion = 14.1;
					};
					52A2B2D5293527B70061A712 = {
						CreatedOnToolsVersion = 14.1;
						TestTargetID = 52A2B2C0293527B50061A712;
					};
					52A2B2DF293527B70061A712 = {
						CreatedOnToolsVersion = 14.1;
						TestTargetID = 52A2B2C0293527B50061A712;
					};
				};
			};
			buildConfigurationList = 52A2B2BC293527B50061A712 /* Build configuration list for PBXProject "autopilot" */;
			compatibilityVersion = "Xcode 14.0";
			developmentRegion = en;
			hasScannedForEncodings = 0;
			knownRegions = (
				en,
				Base,
			);
			mainGroup = 52A2B2B8293527B50061A712;
			packageReferences = (
				71D2D4F52936B851004229B3 /* XCRemoteSwiftPackageReference "Kingfisher" */,
				BF48CFDE29599B5B0009FBF9 /* XCRemoteSwiftPackageReference "firebase-ios-sdk" */,
			);
			productRefGroup = 52A2B2C2293527B50061A712 /* Products */;
			projectDirPath = "";
			projectRoot = "";
			targets = (
				52A2B2C0293527B50061A712 /* autopilot */,
				52A2B2D5293527B70061A712 /* autopilotTests */,
				52A2B2DF293527B70061A712 /* autopilotUITests */,
			);
		};
/* End PBXProject section */

/* Begin PBXResourcesBuildPhase section */
		52A2B2BF293527B50061A712 /* Resources */ = {
			isa = PBXResourcesBuildPhase;
			buildActionMask = 2147483647;
			files = (
				52A2B2CC293527B70061A712 /* Preview Assets.xcassets in Resources */,
				7122D5232938C0B100BDF888 /* step-up.mp4 in Resources */,
				52A2B2C9293527B70061A712 /* Assets.xcassets in Resources */,
				7122D51D2938BEE700BDF888 /* sun-salute.mp4 in Resources */,
				7122D5242938C0B300BDF888 /* burpee.mp4 in Resources */,
				BF48CFEE2959A14B0009FBF9 /* GoogleService-Info.plist in Resources */,
			);
			runOnlyForDeploymentPostprocessing = 0;
		};
		52A2B2D4293527B70061A712 /* Resources */ = {
			isa = PBXResourcesBuildPhase;
			buildActionMask = 2147483647;
			files = (
			);
			runOnlyForDeploymentPostprocessing = 0;
		};
		52A2B2DE293527B70061A712 /* Resources */ = {
			isa = PBXResourcesBuildPhase;
			buildActionMask = 2147483647;
			files = (
			);
			runOnlyForDeploymentPostprocessing = 0;
		};
/* End PBXResourcesBuildPhase section */

/* Begin PBXSourcesBuildPhase section */
		52A2B2BD293527B50061A712 /* Sources */ = {
			isa = PBXSourcesBuildPhase;
			buildActionMask = 2147483647;
			files = (
				BF48CFDD29599A2F0009FBF9 /* AppDelegate.swift in Sources */,
				BFB1F5BE294ACAE000422BAE /* OnboardingView.swift in Sources */,
				BF2CA083293AD1AA00E0BAF8 /* TimerView.swift in Sources */,
				52A2B2CE293527B70061A712 /* Persistence.swift in Sources */,
				52A2B30D293555370061A712 /* ChatBubble.swift in Sources */,
				7122D5182938BA8C00BDF888 /* ExerciseView.swift in Sources */,
				BF8342332955B829003A2DEE /* AppIcon.swift in Sources */,
				BF8341F429559280003A2DEE /* WorkoutsView.swift in Sources */,
				71D2D5052936CCFE004229B3 /* Arc.swift in Sources */,
				52A2B2FD293535BE0061A712 /* SearchBar.swift in Sources */,
				BF557FA6295C49B2001EC5F7 /* DummyView.swift in Sources */,
				BF48CFFA295A9F3A0009FBF9 /* UploadToDoTrainingRoutineViewModel.swift in Sources */,
				BF8342312955B25A003A2DEE /* BetaTag.swift in Sources */,
				71234FB52936926C00B2FEDC /* SearchView.swift in Sources */,
				BF48CFF02959C9C00009FBF9 /* TasksView.swift in Sources */,
				BF70BC1A295EB8D900175957 /* BlackGradient.swift in Sources */,
				71D2D4FF2936CCB7004229B3 /* ArcCell.swift in Sources */,
				71D2D51D293702A2004229B3 /* ChatViewModel.swift in Sources */,
				71D2D525293715E8004229B3 /* ConversationsViewModel.swift in Sources */,
				52A2B2C7293527B50061A712 /* ContentView.swift in Sources */,
				71D2D52729371C31004229B3 /* NewMessageView.swift in Sources */,
				7122D5262938C7EA00BDF888 /* RatingView.swift in Sources */,
				52F4524E2935EEF400406D3F /* CustomTextField.swift in Sources */,
				71234FB1293688C700B2FEDC /* User.swift in Sources */,
				7122D50D2938A59A00BDF888 /* Popup.swift in Sources */,
				BF557FAF295C814E001EC5F7 /* ProjectsSectionHeader.swift in Sources */,
				71D2D4FC2936B9DB004229B3 /* Constants.swift in Sources */,
				52F452472935E39600406D3F /* NotificationNumLabel.swift in Sources */,
				BF8341FD295592E2003A2DEE /* WorkoutsViewModel.swift in Sources */,
				BF557FAC295C7F4F001EC5F7 /* TasksUpcomingView.swift in Sources */,
				71D2D5012936CCC9004229B3 /* ArcDetailView.swift in Sources */,
				BF83420129559375003A2DEE /* WorkoutsHeader.swift in Sources */,
				7122D4FE2938470A00BDF888 /* FreeFlowArcMode.swift in Sources */,
				BF48CFF42959D4870009FBF9 /* IconRow.swift in Sources */,
				71D2D5032936CCD7004229B3 /* ArcActionsView.swift in Sources */,
				71D2D5132936E4D2004229B3 /* UploadArcViewModel.swift in Sources */,
				71D2D5152936EE2B004229B3 /* FeedViewModel.swift in Sources */,
				BF2CA081293AADA200E0BAF8 /* ArcModeSlideOver.swift in Sources */,
				71D2D5192936FD2D004229B3 /* ConversationsView.swift in Sources */,
				7122D4FC2938424500BDF888 /* SlideOverCardContent.swift in Sources */,
				BFB1F5C1294AD61D00422BAE /* BenchPressView.swift in Sources */,
				BF70BC1C295EBA3E00175957 /* Routine.swift in Sources */,
				7122D52A2938CB2D00BDF888 /* HistoryStoreDevData.swift in Sources */,
				71D2D50A2936D9A1004229B3 /* GodView.swift in Sources */,
				71D2D529293721AE004229B3 /* LazyView.swift in Sources */,
				52A8D7082935851400460525 /* ProfileHeaderView.swift in Sources */,
				BF557FB1295C8166001EC5F7 /* FavoritesSectionHeader.swift in Sources */,
				52F452502935EEFD00406D3F /* TextArea.swift in Sources */,
				71D2D52F29377443004229B3 /* GlassMorphicCard.swift in Sources */,
				52A2B2C5293527B50061A712 /* autopilotApp.swift in Sources */,
				52A2B302293553A50061A712 /* ChatView.swift in Sources */,
				71D2D5082936D7A0004229B3 /* FeedView.swift in Sources */,
				BF557FB3295C864E001EC5F7 /* ProjectView.swift in Sources */,
				7122D4F92938409200BDF888 /* ArcModeDetailView.swift in Sources */,
				7122D5112938B09D00BDF888 /* SuccessView.swift in Sources */,
				BF557FA8295C7F38001EC5F7 /* TasksTodayView.swift in Sources */,
				52A8D70C2935852800460525 /* FilterButtonView.swift in Sources */,
				7122D5282938CA2A00BDF888 /* History.swift in Sources */,
				BF8341FF29559355003A2DEE /* WorkoutRowView.swift in Sources */,
				BF70BC1E295EBCC200175957 /* RoutineViewModel.swift in Sources */,
				BF83422D2955B0EC003A2DEE /* RecommendedTabsHeader.swift in Sources */,
				7122D50029384AFA00BDF888 /* RoutineModeView.swift in Sources */,
				BF48CFF22959CBA30009FBF9 /* IconDrawer.swift in Sources */,
				7122D5132938B3F000BDF888 /* Exercise.swift in Sources */,
				7122D50F2938ACF700BDF888 /* ArcModeOverview.swift in Sources */,
				52A2B3062935541C0061A712 /* MessageInputView.swift in Sources */,
				52A2B2F9293530060061A712 /* BackgroundView.swift in Sources */,
				7122D5162938B66800BDF888 /* ArcModeViewRouter.swift in Sources */,
				71D2D50F2936DFFA004229B3 /* NewArcView.swift in Sources */,
				52F4524C2935EC0D00406D3F /* RegistrationView.swift in Sources */,
				7122D50A293860F700BDF888 /* AutopilotViewRouter.swift in Sources */,
				BF557FA2295ADF47001EC5F7 /* BottomSheet.swift in Sources */,
				52A2B2D1293527B70061A712 /* autopilot.xcdatamodeld in Sources */,
				71D2D53929379DF8004229B3 /* CarouselView.swift in Sources */,
				52A2B2FF293543A80061A712 /* TabBarIcon.swift in Sources */,
				BF83420929559BBD003A2DEE /* CalendarHeaderView.swift in Sources */,
				71D2D5172936F486004229B3 /* ProfileViewModel.swift in Sources */,
				52A2B3092935548B0061A712 /* Message.swift in Sources */,
				71D2D53D2937A916004229B3 /* MadeForYou.swift in Sources */,
				BF70BC20295F65DD00175957 /* IndividualTaskView.swift in Sources */,
				BF8341EF29558B14003A2DEE /* NonAdminView.swift in Sources */,
				52A8D7062935842200460525 /* UserProfileView.swift in Sources */,
				BF83422F2955B223003A2DEE /* ComingSoon.swift in Sources */,
				BF8341F129558B3F003A2DEE /* AdminView.swift in Sources */,
				71D2D50D2936D9E2004229B3 /* GodFilterButtonView.swift in Sources */,
				52F4524A2935EC0700406D3F /* LoginView.swift in Sources */,
				71D2D52B29372A9B004229B3 /* ArcCard.swift in Sources */,
				71234FB329368FC000B2FEDC /* UserCell.swift in Sources */,
				52A2B2FB293530C80061A712 /* Test.swift in Sources */,
				BF48CFF72959D9920009FBF9 /* ScheduleView.swift in Sources */,
				52A8D70A2935851B00460525 /* ProfileActionButtonView.swift in Sources */,
				BF2CA085293AE4A000E0BAF8 /* GenerateWorkoutView.swift in Sources */,
				71D2D4F92936B885004229B3 /* SearchViewModel.swift in Sources */,
				52A2B2F429352EDE0061A712 /* SlideOverCard.swift in Sources */,
				52F452522935F2C500406D3F /* CustomSecureField.swift in Sources */,
				BF557FAA295C7F43001EC5F7 /* TasksInboxView.swift in Sources */,
				52A2B30B293554DB0061A712 /* MessageView.swift in Sources */,
				71234FB7293696A800B2FEDC /* ImagePicker.swift in Sources */,
				BF83420729559B64003A2DEE /* WorkoutCircle.swift in Sources */,
				BF83422B2955ADD7003A2DEE /* HomeView.swift in Sources */,
				71234FAF2936716800B2FEDC /* AuthViewModel.swift in Sources */,
				71D2D52D29376AD5004229B3 /* CustomBlurView.swift in Sources */,
				52A2B2F629352F6C0061A712 /* Handle.swift in Sources */,
				71D2D51B2936FD8A004229B3 /* ConversationCell.swift in Sources */,
				71D2D53B2937A0FF004229B3 /* ArcCardContent.swift in Sources */,
			);
			runOnlyForDeploymentPostprocessing = 0;
		};
		52A2B2D2293527B70061A712 /* Sources */ = {
			isa = PBXSourcesBuildPhase;
			buildActionMask = 2147483647;
			files = (
				52A2B2DB293527B70061A712 /* autopilotTests.swift in Sources */,
			);
			runOnlyForDeploymentPostprocessing = 0;
		};
		52A2B2DC293527B70061A712 /* Sources */ = {
			isa = PBXSourcesBuildPhase;
			buildActionMask = 2147483647;
			files = (
				52A2B2E7293527B70061A712 /* autopilotUITestsLaunchTests.swift in Sources */,
				52A2B2E5293527B70061A712 /* autopilotUITests.swift in Sources */,
			);
			runOnlyForDeploymentPostprocessing = 0;
		};
/* End PBXSourcesBuildPhase section */

/* Begin PBXTargetDependency section */
		52A2B2D8293527B70061A712 /* PBXTargetDependency */ = {
			isa = PBXTargetDependency;
			target = 52A2B2C0293527B50061A712 /* autopilot */;
			targetProxy = 52A2B2D7293527B70061A712 /* PBXContainerItemProxy */;
		};
		52A2B2E2293527B70061A712 /* PBXTargetDependency */ = {
			isa = PBXTargetDependency;
			target = 52A2B2C0293527B50061A712 /* autopilot */;
			targetProxy = 52A2B2E1293527B70061A712 /* PBXContainerItemProxy */;
		};
/* End PBXTargetDependency section */

/* Begin XCBuildConfiguration section */
		52A2B2E8293527B70061A712 /* Debug */ = {
			isa = XCBuildConfiguration;
			buildSettings = {
				ALWAYS_SEARCH_USER_PATHS = NO;
				CLANG_ANALYZER_NONNULL = YES;
				CLANG_ANALYZER_NUMBER_OBJECT_CONVERSION = YES_AGGRESSIVE;
				CLANG_CXX_LANGUAGE_STANDARD = "gnu++20";
				CLANG_ENABLE_MODULES = YES;
				CLANG_ENABLE_OBJC_ARC = YES;
				CLANG_ENABLE_OBJC_WEAK = YES;
				CLANG_WARN_BLOCK_CAPTURE_AUTORELEASING = YES;
				CLANG_WARN_BOOL_CONVERSION = YES;
				CLANG_WARN_COMMA = YES;
				CLANG_WARN_CONSTANT_CONVERSION = YES;
				CLANG_WARN_DEPRECATED_OBJC_IMPLEMENTATIONS = YES;
				CLANG_WARN_DIRECT_OBJC_ISA_USAGE = YES_ERROR;
				CLANG_WARN_DOCUMENTATION_COMMENTS = YES;
				CLANG_WARN_EMPTY_BODY = YES;
				CLANG_WARN_ENUM_CONVERSION = YES;
				CLANG_WARN_INFINITE_RECURSION = YES;
				CLANG_WARN_INT_CONVERSION = YES;
				CLANG_WARN_NON_LITERAL_NULL_CONVERSION = YES;
				CLANG_WARN_OBJC_IMPLICIT_RETAIN_SELF = YES;
				CLANG_WARN_OBJC_LITERAL_CONVERSION = YES;
				CLANG_WARN_OBJC_ROOT_CLASS = YES_ERROR;
				CLANG_WARN_QUOTED_INCLUDE_IN_FRAMEWORK_HEADER = YES;
				CLANG_WARN_RANGE_LOOP_ANALYSIS = YES;
				CLANG_WARN_STRICT_PROTOTYPES = YES;
				CLANG_WARN_SUSPICIOUS_MOVE = YES;
				CLANG_WARN_UNGUARDED_AVAILABILITY = YES_AGGRESSIVE;
				CLANG_WARN_UNREACHABLE_CODE = YES;
				CLANG_WARN__DUPLICATE_METHOD_MATCH = YES;
				COPY_PHASE_STRIP = NO;
				DEBUG_INFORMATION_FORMAT = dwarf;
				ENABLE_STRICT_OBJC_MSGSEND = YES;
				ENABLE_TESTABILITY = YES;
				GCC_C_LANGUAGE_STANDARD = gnu11;
				GCC_DYNAMIC_NO_PIC = NO;
				GCC_NO_COMMON_BLOCKS = YES;
				GCC_OPTIMIZATION_LEVEL = 0;
				GCC_PREPROCESSOR_DEFINITIONS = (
					"DEBUG=1",
					"$(inherited)",
				);
				GCC_WARN_64_TO_32_BIT_CONVERSION = YES;
				GCC_WARN_ABOUT_RETURN_TYPE = YES_ERROR;
				GCC_WARN_UNDECLARED_SELECTOR = YES;
				GCC_WARN_UNINITIALIZED_AUTOS = YES_AGGRESSIVE;
				GCC_WARN_UNUSED_FUNCTION = YES;
				GCC_WARN_UNUSED_VARIABLE = YES;
				IPHONEOS_DEPLOYMENT_TARGET = 16.1;
				MTL_ENABLE_DEBUG_INFO = INCLUDE_SOURCE;
				MTL_FAST_MATH = YES;
				ONLY_ACTIVE_ARCH = YES;
				SDKROOT = iphoneos;
				SWIFT_ACTIVE_COMPILATION_CONDITIONS = DEBUG;
				SWIFT_OPTIMIZATION_LEVEL = "-Onone";
			};
			name = Debug;
		};
		52A2B2E9293527B70061A712 /* Release */ = {
			isa = XCBuildConfiguration;
			buildSettings = {
				ALWAYS_SEARCH_USER_PATHS = NO;
				CLANG_ANALYZER_NONNULL = YES;
				CLANG_ANALYZER_NUMBER_OBJECT_CONVERSION = YES_AGGRESSIVE;
				CLANG_CXX_LANGUAGE_STANDARD = "gnu++20";
				CLANG_ENABLE_MODULES = YES;
				CLANG_ENABLE_OBJC_ARC = YES;
				CLANG_ENABLE_OBJC_WEAK = YES;
				CLANG_WARN_BLOCK_CAPTURE_AUTORELEASING = YES;
				CLANG_WARN_BOOL_CONVERSION = YES;
				CLANG_WARN_COMMA = YES;
				CLANG_WARN_CONSTANT_CONVERSION = YES;
				CLANG_WARN_DEPRECATED_OBJC_IMPLEMENTATIONS = YES;
				CLANG_WARN_DIRECT_OBJC_ISA_USAGE = YES_ERROR;
				CLANG_WARN_DOCUMENTATION_COMMENTS = YES;
				CLANG_WARN_EMPTY_BODY = YES;
				CLANG_WARN_ENUM_CONVERSION = YES;
				CLANG_WARN_INFINITE_RECURSION = YES;
				CLANG_WARN_INT_CONVERSION = YES;
				CLANG_WARN_NON_LITERAL_NULL_CONVERSION = YES;
				CLANG_WARN_OBJC_IMPLICIT_RETAIN_SELF = YES;
				CLANG_WARN_OBJC_LITERAL_CONVERSION = YES;
				CLANG_WARN_OBJC_ROOT_CLASS = YES_ERROR;
				CLANG_WARN_QUOTED_INCLUDE_IN_FRAMEWORK_HEADER = YES;
				CLANG_WARN_RANGE_LOOP_ANALYSIS = YES;
				CLANG_WARN_STRICT_PROTOTYPES = YES;
				CLANG_WARN_SUSPICIOUS_MOVE = YES;
				CLANG_WARN_UNGUARDED_AVAILABILITY = YES_AGGRESSIVE;
				CLANG_WARN_UNREACHABLE_CODE = YES;
				CLANG_WARN__DUPLICATE_METHOD_MATCH = YES;
				COPY_PHASE_STRIP = NO;
				DEBUG_INFORMATION_FORMAT = "dwarf-with-dsym";
				ENABLE_NS_ASSERTIONS = NO;
				ENABLE_STRICT_OBJC_MSGSEND = YES;
				GCC_C_LANGUAGE_STANDARD = gnu11;
				GCC_NO_COMMON_BLOCKS = YES;
				GCC_WARN_64_TO_32_BIT_CONVERSION = YES;
				GCC_WARN_ABOUT_RETURN_TYPE = YES_ERROR;
				GCC_WARN_UNDECLARED_SELECTOR = YES;
				GCC_WARN_UNINITIALIZED_AUTOS = YES_AGGRESSIVE;
				GCC_WARN_UNUSED_FUNCTION = YES;
				GCC_WARN_UNUSED_VARIABLE = YES;
				IPHONEOS_DEPLOYMENT_TARGET = 16.1;
				MTL_ENABLE_DEBUG_INFO = NO;
				MTL_FAST_MATH = YES;
				SDKROOT = iphoneos;
				SWIFT_COMPILATION_MODE = wholemodule;
				SWIFT_OPTIMIZATION_LEVEL = "-O";
				VALIDATE_PRODUCT = YES;
			};
			name = Release;
		};
		52A2B2EB293527B70061A712 /* Debug */ = {
			isa = XCBuildConfiguration;
			buildSettings = {
				ASSETCATALOG_COMPILER_APPICON_NAME = AppIcon;
				ASSETCATALOG_COMPILER_GLOBAL_ACCENT_COLOR_NAME = AccentColor;
				CODE_SIGN_ENTITLEMENTS = autopilot/autopilot.entitlements;
				CODE_SIGN_STYLE = Automatic;
				CURRENT_PROJECT_VERSION = 1;
				DEVELOPMENT_ASSET_PATHS = "\"autopilot/Preview Content\"";
				DEVELOPMENT_TEAM = F88F3V85M7;
				ENABLE_PREVIEWS = YES;
				GENERATE_INFOPLIST_FILE = YES;
				INFOPLIST_FILE = autopilot/Info.plist;
				INFOPLIST_KEY_UIApplicationSceneManifest_Generation = YES;
				INFOPLIST_KEY_UIApplicationSupportsIndirectInputEvents = YES;
				INFOPLIST_KEY_UILaunchScreen_Generation = YES;
				INFOPLIST_KEY_UISupportedInterfaceOrientations_iPad = "UIInterfaceOrientationPortrait UIInterfaceOrientationPortraitUpsideDown UIInterfaceOrientationLandscapeLeft UIInterfaceOrientationLandscapeRight";
				INFOPLIST_KEY_UISupportedInterfaceOrientations_iPhone = "UIInterfaceOrientationPortrait UIInterfaceOrientationLandscapeLeft UIInterfaceOrientationLandscapeRight";
				IPHONEOS_DEPLOYMENT_TARGET = 15.0;
				LD_RUNPATH_SEARCH_PATHS = (
					"$(inherited)",
					"@executable_path/Frameworks",
				);
				MARKETING_VERSION = 1.0;
				PRODUCT_BUNDLE_IDENTIFIER = com.matthewmolinar.autopilot;
				PRODUCT_NAME = "$(TARGET_NAME)";
				SWIFT_EMIT_LOC_STRINGS = YES;
				SWIFT_VERSION = 5.0;
				TARGETED_DEVICE_FAMILY = "1,2";
			};
			name = Debug;
		};
		52A2B2EC293527B70061A712 /* Release */ = {
			isa = XCBuildConfiguration;
			buildSettings = {
				ASSETCATALOG_COMPILER_APPICON_NAME = AppIcon;
				ASSETCATALOG_COMPILER_GLOBAL_ACCENT_COLOR_NAME = AccentColor;
				CODE_SIGN_ENTITLEMENTS = autopilot/autopilot.entitlements;
				CODE_SIGN_STYLE = Automatic;
				CURRENT_PROJECT_VERSION = 1;
				DEVELOPMENT_ASSET_PATHS = "\"autopilot/Preview Content\"";
				DEVELOPMENT_TEAM = F88F3V85M7;
				ENABLE_PREVIEWS = YES;
				GENERATE_INFOPLIST_FILE = YES;
				INFOPLIST_FILE = autopilot/Info.plist;
				INFOPLIST_KEY_UIApplicationSceneManifest_Generation = YES;
				INFOPLIST_KEY_UIApplicationSupportsIndirectInputEvents = YES;
				INFOPLIST_KEY_UILaunchScreen_Generation = YES;
				INFOPLIST_KEY_UISupportedInterfaceOrientations_iPad = "UIInterfaceOrientationPortrait UIInterfaceOrientationPortraitUpsideDown UIInterfaceOrientationLandscapeLeft UIInterfaceOrientationLandscapeRight";
				INFOPLIST_KEY_UISupportedInterfaceOrientations_iPhone = "UIInterfaceOrientationPortrait UIInterfaceOrientationLandscapeLeft UIInterfaceOrientationLandscapeRight";
				IPHONEOS_DEPLOYMENT_TARGET = 15.0;
				LD_RUNPATH_SEARCH_PATHS = (
					"$(inherited)",
					"@executable_path/Frameworks",
				);
				MARKETING_VERSION = 1.0;
				PRODUCT_BUNDLE_IDENTIFIER = com.matthewmolinar.autopilot;
				PRODUCT_NAME = "$(TARGET_NAME)";
				SWIFT_EMIT_LOC_STRINGS = YES;
				SWIFT_VERSION = 5.0;
				TARGETED_DEVICE_FAMILY = "1,2";
			};
			name = Release;
		};
		52A2B2EE293527B70061A712 /* Debug */ = {
			isa = XCBuildConfiguration;
			buildSettings = {
				ALWAYS_EMBED_SWIFT_STANDARD_LIBRARIES = YES;
				BUNDLE_LOADER = "$(TEST_HOST)";
				CODE_SIGN_STYLE = Automatic;
				CURRENT_PROJECT_VERSION = 1;
				GENERATE_INFOPLIST_FILE = YES;
				IPHONEOS_DEPLOYMENT_TARGET = 16.1;
				MARKETING_VERSION = 1.0;
				PRODUCT_BUNDLE_IDENTIFIER = com.matthewmolinar.autopilotTests;
				PRODUCT_NAME = "$(TARGET_NAME)";
				SWIFT_EMIT_LOC_STRINGS = NO;
				SWIFT_VERSION = 5.0;
				TARGETED_DEVICE_FAMILY = "1,2";
				TEST_HOST = "$(BUILT_PRODUCTS_DIR)/autopilot.app/$(BUNDLE_EXECUTABLE_FOLDER_PATH)/autopilot";
			};
			name = Debug;
		};
		52A2B2EF293527B70061A712 /* Release */ = {
			isa = XCBuildConfiguration;
			buildSettings = {
				ALWAYS_EMBED_SWIFT_STANDARD_LIBRARIES = YES;
				BUNDLE_LOADER = "$(TEST_HOST)";
				CODE_SIGN_STYLE = Automatic;
				CURRENT_PROJECT_VERSION = 1;
				GENERATE_INFOPLIST_FILE = YES;
				IPHONEOS_DEPLOYMENT_TARGET = 16.1;
				MARKETING_VERSION = 1.0;
				PRODUCT_BUNDLE_IDENTIFIER = com.matthewmolinar.autopilotTests;
				PRODUCT_NAME = "$(TARGET_NAME)";
				SWIFT_EMIT_LOC_STRINGS = NO;
				SWIFT_VERSION = 5.0;
				TARGETED_DEVICE_FAMILY = "1,2";
				TEST_HOST = "$(BUILT_PRODUCTS_DIR)/autopilot.app/$(BUNDLE_EXECUTABLE_FOLDER_PATH)/autopilot";
			};
			name = Release;
		};
		52A2B2F1293527B70061A712 /* Debug */ = {
			isa = XCBuildConfiguration;
			buildSettings = {
				ALWAYS_EMBED_SWIFT_STANDARD_LIBRARIES = YES;
				CODE_SIGN_STYLE = Automatic;
				CURRENT_PROJECT_VERSION = 1;
				GENERATE_INFOPLIST_FILE = YES;
				MARKETING_VERSION = 1.0;
				PRODUCT_BUNDLE_IDENTIFIER = com.matthewmolinar.autopilotUITests;
				PRODUCT_NAME = "$(TARGET_NAME)";
				SWIFT_EMIT_LOC_STRINGS = NO;
				SWIFT_VERSION = 5.0;
				TARGETED_DEVICE_FAMILY = "1,2";
				TEST_TARGET_NAME = autopilot;
			};
			name = Debug;
		};
		52A2B2F2293527B70061A712 /* Release */ = {
			isa = XCBuildConfiguration;
			buildSettings = {
				ALWAYS_EMBED_SWIFT_STANDARD_LIBRARIES = YES;
				CODE_SIGN_STYLE = Automatic;
				CURRENT_PROJECT_VERSION = 1;
				GENERATE_INFOPLIST_FILE = YES;
				MARKETING_VERSION = 1.0;
				PRODUCT_BUNDLE_IDENTIFIER = com.matthewmolinar.autopilotUITests;
				PRODUCT_NAME = "$(TARGET_NAME)";
				SWIFT_EMIT_LOC_STRINGS = NO;
				SWIFT_VERSION = 5.0;
				TARGETED_DEVICE_FAMILY = "1,2";
				TEST_TARGET_NAME = autopilot;
			};
			name = Release;
		};
/* End XCBuildConfiguration section */

/* Begin XCConfigurationList section */
		52A2B2BC293527B50061A712 /* Build configuration list for PBXProject "autopilot" */ = {
			isa = XCConfigurationList;
			buildConfigurations = (
				52A2B2E8293527B70061A712 /* Debug */,
				52A2B2E9293527B70061A712 /* Release */,
			);
			defaultConfigurationIsVisible = 0;
			defaultConfigurationName = Release;
		};
		52A2B2EA293527B70061A712 /* Build configuration list for PBXNativeTarget "autopilot" */ = {
			isa = XCConfigurationList;
			buildConfigurations = (
				52A2B2EB293527B70061A712 /* Debug */,
				52A2B2EC293527B70061A712 /* Release */,
			);
			defaultConfigurationIsVisible = 0;
			defaultConfigurationName = Release;
		};
		52A2B2ED293527B70061A712 /* Build configuration list for PBXNativeTarget "autopilotTests" */ = {
			isa = XCConfigurationList;
			buildConfigurations = (
				52A2B2EE293527B70061A712 /* Debug */,
				52A2B2EF293527B70061A712 /* Release */,
			);
			defaultConfigurationIsVisible = 0;
			defaultConfigurationName = Release;
		};
		52A2B2F0293527B70061A712 /* Build configuration list for PBXNativeTarget "autopilotUITests" */ = {
			isa = XCConfigurationList;
			buildConfigurations = (
				52A2B2F1293527B70061A712 /* Debug */,
				52A2B2F2293527B70061A712 /* Release */,
			);
			defaultConfigurationIsVisible = 0;
			defaultConfigurationName = Release;
		};
/* End XCConfigurationList section */

/* Begin XCRemoteSwiftPackageReference section */
		71D2D4F52936B851004229B3 /* XCRemoteSwiftPackageReference "Kingfisher" */ = {
			isa = XCRemoteSwiftPackageReference;
			repositoryURL = "https://github.com/onevcat/Kingfisher.git";
			requirement = {
				kind = upToNextMajorVersion;
				minimumVersion = 7.0.0;
			};
		};
		BF48CFDE29599B5B0009FBF9 /* XCRemoteSwiftPackageReference "firebase-ios-sdk" */ = {
			isa = XCRemoteSwiftPackageReference;
			repositoryURL = "https://github.com/firebase/firebase-ios-sdk";
			requirement = {
				kind = upToNextMajorVersion;
				minimumVersion = 9.0.0;
			};
		};
/* End XCRemoteSwiftPackageReference section */

/* Begin XCSwiftPackageProductDependency section */
		71D2D4F62936B851004229B3 /* Kingfisher */ = {
			isa = XCSwiftPackageProductDependency;
			package = 71D2D4F52936B851004229B3 /* XCRemoteSwiftPackageReference "Kingfisher" */;
			productName = Kingfisher;
		};
		BF48CFDF29599B5B0009FBF9 /* FirebaseAnalytics */ = {
			isa = XCSwiftPackageProductDependency;
			package = BF48CFDE29599B5B0009FBF9 /* XCRemoteSwiftPackageReference "firebase-ios-sdk" */;
			productName = FirebaseAnalytics;
		};
		BF48CFE129599B5B0009FBF9 /* FirebaseAuth */ = {
			isa = XCSwiftPackageProductDependency;
			package = BF48CFDE29599B5B0009FBF9 /* XCRemoteSwiftPackageReference "firebase-ios-sdk" */;
			productName = FirebaseAuth;
		};
		BF48CFE329599B5B0009FBF9 /* FirebaseFirestore */ = {
			isa = XCSwiftPackageProductDependency;
			package = BF48CFDE29599B5B0009FBF9 /* XCRemoteSwiftPackageReference "firebase-ios-sdk" */;
			productName = FirebaseFirestore;
		};
		BF48CFE529599B5B0009FBF9 /* FirebaseFunctions */ = {
			isa = XCSwiftPackageProductDependency;
			package = BF48CFDE29599B5B0009FBF9 /* XCRemoteSwiftPackageReference "firebase-ios-sdk" */;
			productName = FirebaseFunctions;
		};
		BF48CFE729599B5B0009FBF9 /* FirebaseMessaging */ = {
			isa = XCSwiftPackageProductDependency;
			package = BF48CFDE29599B5B0009FBF9 /* XCRemoteSwiftPackageReference "firebase-ios-sdk" */;
			productName = FirebaseMessaging;
		};
		BF48CFE929599B5C0009FBF9 /* FirebaseStorage */ = {
			isa = XCSwiftPackageProductDependency;
			package = BF48CFDE29599B5B0009FBF9 /* XCRemoteSwiftPackageReference "firebase-ios-sdk" */;
			productName = FirebaseStorage;
		};
/* End XCSwiftPackageProductDependency section */

/* Begin XCVersionGroup section */
		52A2B2CF293527B70061A712 /* autopilot.xcdatamodeld */ = {
			isa = XCVersionGroup;
			children = (
				52A2B2D0293527B70061A712 /* autopilot.xcdatamodel */,
			);
			currentVersion = 52A2B2D0293527B70061A712 /* autopilot.xcdatamodel */;
			path = autopilot.xcdatamodeld;
			sourceTree = "<group>";
			versionGroupType = wrapper.xcdatamodel;
		};
/* End XCVersionGroup section */
	};
	rootObject = 52A2B2B9293527B50061A712 /* Project object */;
}
