// !$*UTF8*$!
{
	archiveVersion = 1;
	classes = {
	};
	objectVersion = 56;
	objects = {

/* Begin PBXBuildFile section */
		52A2B2C5293527B50061A712 /* autopilotApp.swift in Sources */ = {isa = PBXBuildFile; fileRef = 52A2B2C4293527B50061A712 /* autopilotApp.swift */; };
		52A2B2C7293527B50061A712 /* ContentView.swift in Sources */ = {isa = PBXBuildFile; fileRef = 52A2B2C6293527B50061A712 /* ContentView.swift */; };
		52A2B2C9293527B70061A712 /* Assets.xcassets in Resources */ = {isa = PBXBuildFile; fileRef = 52A2B2C8293527B70061A712 /* Assets.xcassets */; };
		52A2B2CC293527B70061A712 /* Preview Assets.xcassets in Resources */ = {isa = PBXBuildFile; fileRef = 52A2B2CB293527B70061A712 /* Preview Assets.xcassets */; };
		52A2B2CE293527B70061A712 /* Persistence.swift in Sources */ = {isa = PBXBuildFile; fileRef = 52A2B2CD293527B70061A712 /* Persistence.swift */; };
		52A2B2D1293527B70061A712 /* autopilot.xcdatamodeld in Sources */ = {isa = PBXBuildFile; fileRef = 52A2B2CF293527B70061A712 /* autopilot.xcdatamodeld */; };
		52A2B2DB293527B70061A712 /* autopilotTests.swift in Sources */ = {isa = PBXBuildFile; fileRef = 52A2B2DA293527B70061A712 /* autopilotTests.swift */; };
		52A2B2E5293527B70061A712 /* autopilotUITests.swift in Sources */ = {isa = PBXBuildFile; fileRef = 52A2B2E4293527B70061A712 /* autopilotUITests.swift */; };
		52A2B2E7293527B70061A712 /* autopilotUITestsLaunchTests.swift in Sources */ = {isa = PBXBuildFile; fileRef = 52A2B2E6293527B70061A712 /* autopilotUITestsLaunchTests.swift */; };
		52A2B2F429352EDE0061A712 /* SlideOverCard.swift in Sources */ = {isa = PBXBuildFile; fileRef = 52A2B2F329352EDE0061A712 /* SlideOverCard.swift */; };
		52A2B2F629352F6C0061A712 /* Handle.swift in Sources */ = {isa = PBXBuildFile; fileRef = 52A2B2F529352F6C0061A712 /* Handle.swift */; };
		52A2B2F9293530060061A712 /* BackgroundView.swift in Sources */ = {isa = PBXBuildFile; fileRef = 52A2B2F8293530060061A712 /* BackgroundView.swift */; };
		52A2B2FB293530C80061A712 /* Test.swift in Sources */ = {isa = PBXBuildFile; fileRef = 52A2B2FA293530C80061A712 /* Test.swift */; };
		52A2B2FD293535BE0061A712 /* SearchBar.swift in Sources */ = {isa = PBXBuildFile; fileRef = 52A2B2FC293535BE0061A712 /* SearchBar.swift */; };
/* End PBXBuildFile section */

/* Begin PBXContainerItemProxy section */
		52A2B2D7293527B70061A712 /* PBXContainerItemProxy */ = {
			isa = PBXContainerItemProxy;
			containerPortal = 52A2B2B9293527B50061A712 /* Project object */;
			proxyType = 1;
			remoteGlobalIDString = 52A2B2C0293527B50061A712;
			remoteInfo = autopilot;
		};
		52A2B2E1293527B70061A712 /* PBXContainerItemProxy */ = {
			isa = PBXContainerItemProxy;
			containerPortal = 52A2B2B9293527B50061A712 /* Project object */;
			proxyType = 1;
			remoteGlobalIDString = 52A2B2C0293527B50061A712;
			remoteInfo = autopilot;
		};
/* End PBXContainerItemProxy section */

/* Begin PBXFileReference section */
		52A2B2C1293527B50061A712 /* autopilot.app */ = {isa = PBXFileReference; explicitFileType = wrapper.application; includeInIndex = 0; path = autopilot.app; sourceTree = BUILT_PRODUCTS_DIR; };
		52A2B2C4293527B50061A712 /* autopilotApp.swift */ = {isa = PBXFileReference; lastKnownFileType = sourcecode.swift; path = autopilotApp.swift; sourceTree = "<group>"; };
		52A2B2C6293527B50061A712 /* ContentView.swift */ = {isa = PBXFileReference; lastKnownFileType = sourcecode.swift; path = ContentView.swift; sourceTree = "<group>"; };
		52A2B2C8293527B70061A712 /* Assets.xcassets */ = {isa = PBXFileReference; lastKnownFileType = folder.assetcatalog; path = Assets.xcassets; sourceTree = "<group>"; };
		52A2B2CB293527B70061A712 /* Preview Assets.xcassets */ = {isa = PBXFileReference; lastKnownFileType = folder.assetcatalog; path = "Preview Assets.xcassets"; sourceTree = "<group>"; };
		52A2B2CD293527B70061A712 /* Persistence.swift */ = {isa = PBXFileReference; lastKnownFileType = sourcecode.swift; path = Persistence.swift; sourceTree = "<group>"; };
		52A2B2D0293527B70061A712 /* autopilot.xcdatamodel */ = {isa = PBXFileReference; lastKnownFileType = wrapper.xcdatamodel; path = autopilot.xcdatamodel; sourceTree = "<group>"; };
		52A2B2D6293527B70061A712 /* autopilotTests.xctest */ = {isa = PBXFileReference; explicitFileType = wrapper.cfbundle; includeInIndex = 0; path = autopilotTests.xctest; sourceTree = BUILT_PRODUCTS_DIR; };
		52A2B2DA293527B70061A712 /* autopilotTests.swift */ = {isa = PBXFileReference; lastKnownFileType = sourcecode.swift; path = autopilotTests.swift; sourceTree = "<group>"; };
		52A2B2E0293527B70061A712 /* autopilotUITests.xctest */ = {isa = PBXFileReference; explicitFileType = wrapper.cfbundle; includeInIndex = 0; path = autopilotUITests.xctest; sourceTree = BUILT_PRODUCTS_DIR; };
		52A2B2E4293527B70061A712 /* autopilotUITests.swift */ = {isa = PBXFileReference; lastKnownFileType = sourcecode.swift; path = autopilotUITests.swift; sourceTree = "<group>"; };
		52A2B2E6293527B70061A712 /* autopilotUITestsLaunchTests.swift */ = {isa = PBXFileReference; lastKnownFileType = sourcecode.swift; path = autopilotUITestsLaunchTests.swift; sourceTree = "<group>"; };
		52A2B2F329352EDE0061A712 /* SlideOverCard.swift */ = {isa = PBXFileReference; lastKnownFileType = sourcecode.swift; path = SlideOverCard.swift; sourceTree = "<group>"; };
		52A2B2F529352F6C0061A712 /* Handle.swift */ = {isa = PBXFileReference; lastKnownFileType = sourcecode.swift; path = Handle.swift; sourceTree = "<group>"; };
		52A2B2F8293530060061A712 /* BackgroundView.swift */ = {isa = PBXFileReference; lastKnownFileType = sourcecode.swift; path = BackgroundView.swift; sourceTree = "<group>"; };
		52A2B2FA293530C80061A712 /* Test.swift */ = {isa = PBXFileReference; lastKnownFileType = sourcecode.swift; path = Test.swift; sourceTree = "<group>"; };
		52A2B2FC293535BE0061A712 /* SearchBar.swift */ = {isa = PBXFileReference; lastKnownFileType = sourcecode.swift; path = SearchBar.swift; sourceTree = "<group>"; };
/* End PBXFileReference section */

/* Begin PBXFrameworksBuildPhase section */
		52A2B2BE293527B50061A712 /* Frameworks */ = {
			isa = PBXFrameworksBuildPhase;
			buildActionMask = 2147483647;
			files = (
			);
			runOnlyForDeploymentPostprocessing = 0;
		};
		52A2B2D3293527B70061A712 /* Frameworks */ = {
			isa = PBXFrameworksBuildPhase;
			buildActionMask = 2147483647;
			files = (
			);
			runOnlyForDeploymentPostprocessing = 0;
		};
		52A2B2DD293527B70061A712 /* Frameworks */ = {
			isa = PBXFrameworksBuildPhase;
			buildActionMask = 2147483647;
			files = (
			);
			runOnlyForDeploymentPostprocessing = 0;
		};
/* End PBXFrameworksBuildPhase section */

/* Begin PBXGroup section */
		52A2B2B8293527B50061A712 = {
			isa = PBXGroup;
			children = (
				52A2B2FA293530C80061A712 /* Test.swift */,
				52A2B2C3293527B50061A712 /* autopilot */,
				52A2B2D9293527B70061A712 /* autopilotTests */,
				52A2B2E3293527B70061A712 /* autopilotUITests */,
				52A2B2C2293527B50061A712 /* Products */,
			);
			sourceTree = "<group>";
		};
		52A2B2C2293527B50061A712 /* Products */ = {
			isa = PBXGroup;
			children = (
				52A2B2C1293527B50061A712 /* autopilot.app */,
				52A2B2D6293527B70061A712 /* autopilotTests.xctest */,
				52A2B2E0293527B70061A712 /* autopilotUITests.xctest */,
			);
			name = Products;
			sourceTree = "<group>";
		};
		52A2B2C3293527B50061A712 /* autopilot */ = {
			isa = PBXGroup;
			children = (
				52A2B2C4293527B50061A712 /* autopilotApp.swift */,
				52A2B2C6293527B50061A712 /* ContentView.swift */,
				52A2B2F8293530060061A712 /* BackgroundView.swift */,
				52A2B2F729352F7E0061A712 /* SlideOver */,
				52A2B2C8293527B70061A712 /* Assets.xcassets */,
				52A2B2CD293527B70061A712 /* Persistence.swift */,
				52A2B2CF293527B70061A712 /* autopilot.xcdatamodeld */,
				52A2B2CA293527B70061A712 /* Preview Content */,
			);
			path = autopilot;
			sourceTree = "<group>";
		};
		52A2B2CA293527B70061A712 /* Preview Content */ = {
			isa = PBXGroup;
			children = (
				52A2B2CB293527B70061A712 /* Preview Assets.xcassets */,
			);
			path = "Preview Content";
			sourceTree = "<group>";
		};
		52A2B2D9293527B70061A712 /* autopilotTests */ = {
			isa = PBXGroup;
			children = (
				52A2B2DA293527B70061A712 /* autopilotTests.swift */,
			);
			path = autopilotTests;
			sourceTree = "<group>";
		};
		52A2B2E3293527B70061A712 /* autopilotUITests */ = {
			isa = PBXGroup;
			children = (
				52A2B2E4293527B70061A712 /* autopilotUITests.swift */,
				52A2B2E6293527B70061A712 /* autopilotUITestsLaunchTests.swift */,
			);
			path = autopilotUITests;
			sourceTree = "<group>";
		};
		52A2B2F729352F7E0061A712 /* SlideOver */ = {
			isa = PBXGroup;
			children = (
				52A2B2FC293535BE0061A712 /* SearchBar.swift */,
				52A2B2F329352EDE0061A712 /* SlideOverCard.swift */,
				52A2B2F529352F6C0061A712 /* Handle.swift */,
			);
			path = SlideOver;
			sourceTree = "<group>";
		};
/* End PBXGroup section */

/* Begin PBXNativeTarget section */
		52A2B2C0293527B50061A712 /* autopilot */ = {
			isa = PBXNativeTarget;
			buildConfigurationList = 52A2B2EA293527B70061A712 /* Build configuration list for PBXNativeTarget "autopilot" */;
			buildPhases = (
				52A2B2BD293527B50061A712 /* Sources */,
				52A2B2BE293527B50061A712 /* Frameworks */,
				52A2B2BF293527B50061A712 /* Resources */,
			);
			buildRules = (
			);
			dependencies = (
			);
			name = autopilot;
			productName = autopilot;
			productReference = 52A2B2C1293527B50061A712 /* autopilot.app */;
			productType = "com.apple.product-type.application";
		};
		52A2B2D5293527B70061A712 /* autopilotTests */ = {
			isa = PBXNativeTarget;
			buildConfigurationList = 52A2B2ED293527B70061A712 /* Build configuration list for PBXNativeTarget "autopilotTests" */;
			buildPhases = (
				52A2B2D2293527B70061A712 /* Sources */,
				52A2B2D3293527B70061A712 /* Frameworks */,
				52A2B2D4293527B70061A712 /* Resources */,
			);
			buildRules = (
			);
			dependencies = (
				52A2B2D8293527B70061A712 /* PBXTargetDependency */,
			);
			name = autopilotTests;
			productName = autopilotTests;
			productReference = 52A2B2D6293527B70061A712 /* autopilotTests.xctest */;
			productType = "com.apple.product-type.bundle.unit-test";
		};
		52A2B2DF293527B70061A712 /* autopilotUITests */ = {
			isa = PBXNativeTarget;
			buildConfigurationList = 52A2B2F0293527B70061A712 /* Build configuration list for PBXNativeTarget "autopilotUITests" */;
			buildPhases = (
				52A2B2DC293527B70061A712 /* Sources */,
				52A2B2DD293527B70061A712 /* Frameworks */,
				52A2B2DE293527B70061A712 /* Resources */,
			);
			buildRules = (
			);
			dependencies = (
				52A2B2E2293527B70061A712 /* PBXTargetDependency */,
			);
			name = autopilotUITests;
			productName = autopilotUITests;
			productReference = 52A2B2E0293527B70061A712 /* autopilotUITests.xctest */;
			productType = "com.apple.product-type.bundle.ui-testing";
		};
/* End PBXNativeTarget section */

/* Begin PBXProject section */
		52A2B2B9293527B50061A712 /* Project object */ = {
			isa = PBXProject;
			attributes = {
				BuildIndependentTargetsInParallel = 1;
				LastSwiftUpdateCheck = 1410;
				LastUpgradeCheck = 1410;
				TargetAttributes = {
					52A2B2C0293527B50061A712 = {
						CreatedOnToolsVersion = 14.1;
					};
					52A2B2D5293527B70061A712 = {
						CreatedOnToolsVersion = 14.1;
						TestTargetID = 52A2B2C0293527B50061A712;
					};
					52A2B2DF293527B70061A712 = {
						CreatedOnToolsVersion = 14.1;
						TestTargetID = 52A2B2C0293527B50061A712;
					};
				};
			};
			buildConfigurationList = 52A2B2BC293527B50061A712 /* Build configuration list for PBXProject "autopilot" */;
			compatibilityVersion = "Xcode 14.0";
			developmentRegion = en;
			hasScannedForEncodings = 0;
			knownRegions = (
				en,
				Base,
			);
			mainGroup = 52A2B2B8293527B50061A712;
			productRefGroup = 52A2B2C2293527B50061A712 /* Products */;
			projectDirPath = "";
			projectRoot = "";
			targets = (
				52A2B2C0293527B50061A712 /* autopilot */,
				52A2B2D5293527B70061A712 /* autopilotTests */,
				52A2B2DF293527B70061A712 /* autopilotUITests */,
			);
		};
/* End PBXProject section */

/* Begin PBXResourcesBuildPhase section */
		52A2B2BF293527B50061A712 /* Resources */ = {
			isa = PBXResourcesBuildPhase;
			buildActionMask = 2147483647;
			files = (
				52A2B2CC293527B70061A712 /* Preview Assets.xcassets in Resources */,
				52A2B2C9293527B70061A712 /* Assets.xcassets in Resources */,
			);
			runOnlyForDeploymentPostprocessing = 0;
		};
		52A2B2D4293527B70061A712 /* Resources */ = {
			isa = PBXResourcesBuildPhase;
			buildActionMask = 2147483647;
			files = (
			);
			runOnlyForDeploymentPostprocessing = 0;
		};
		52A2B2DE293527B70061A712 /* Resources */ = {
			isa = PBXResourcesBuildPhase;
			buildActionMask = 2147483647;
			files = (
			);
			runOnlyForDeploymentPostprocessing = 0;
		};
/* End PBXResourcesBuildPhase section */

/* Begin PBXSourcesBuildPhase section */
		52A2B2BD293527B50061A712 /* Sources */ = {
			isa = PBXSourcesBuildPhase;
			buildActionMask = 2147483647;
			files = (
				52A2B2CE293527B70061A712 /* Persistence.swift in Sources */,
				52A2B2FD293535BE0061A712 /* SearchBar.swift in Sources */,
				52A2B2C7293527B50061A712 /* ContentView.swift in Sources */,
				52A2B2C5293527B50061A712 /* autopilotApp.swift in Sources */,
				52A2B2F9293530060061A712 /* BackgroundView.swift in Sources */,
				52A2B2D1293527B70061A712 /* autopilot.xcdatamodeld in Sources */,
				52A2B2FB293530C80061A712 /* Test.swift in Sources */,
				52A2B2F429352EDE0061A712 /* SlideOverCard.swift in Sources */,
				52A2B2F629352F6C0061A712 /* Handle.swift in Sources */,
			);
			runOnlyForDeploymentPostprocessing = 0;
		};
		52A2B2D2293527B70061A712 /* Sources */ = {
			isa = PBXSourcesBuildPhase;
			buildActionMask = 2147483647;
			files = (
				52A2B2DB293527B70061A712 /* autopilotTests.swift in Sources */,
			);
			runOnlyForDeploymentPostprocessing = 0;
		};
		52A2B2DC293527B70061A712 /* Sources */ = {
			isa = PBXSourcesBuildPhase;
			buildActionMask = 2147483647;
			files = (
				52A2B2E7293527B70061A712 /* autopilotUITestsLaunchTests.swift in Sources */,
				52A2B2E5293527B70061A712 /* autopilotUITests.swift in Sources */,
			);
			runOnlyForDeploymentPostprocessing = 0;
		};
/* End PBXSourcesBuildPhase section */

/* Begin PBXTargetDependency section */
		52A2B2D8293527B70061A712 /* PBXTargetDependency */ = {
			isa = PBXTargetDependency;
			target = 52A2B2C0293527B50061A712 /* autopilot */;
			targetProxy = 52A2B2D7293527B70061A712 /* PBXContainerItemProxy */;
		};
		52A2B2E2293527B70061A712 /* PBXTargetDependency */ = {
			isa = PBXTargetDependency;
			target = 52A2B2C0293527B50061A712 /* autopilot */;
			targetProxy = 52A2B2E1293527B70061A712 /* PBXContainerItemProxy */;
		};
/* End PBXTargetDependency section */

/* Begin XCBuildConfiguration section */
		52A2B2E8293527B70061A712 /* Debug */ = {
			isa = XCBuildConfiguration;
			buildSettings = {
				ALWAYS_SEARCH_USER_PATHS = NO;
				CLANG_ANALYZER_NONNULL = YES;
				CLANG_ANALYZER_NUMBER_OBJECT_CONVERSION = YES_AGGRESSIVE;
				CLANG_CXX_LANGUAGE_STANDARD = "gnu++20";
				CLANG_ENABLE_MODULES = YES;
				CLANG_ENABLE_OBJC_ARC = YES;
				CLANG_ENABLE_OBJC_WEAK = YES;
				CLANG_WARN_BLOCK_CAPTURE_AUTORELEASING = YES;
				CLANG_WARN_BOOL_CONVERSION = YES;
				CLANG_WARN_COMMA = YES;
				CLANG_WARN_CONSTANT_CONVERSION = YES;
				CLANG_WARN_DEPRECATED_OBJC_IMPLEMENTATIONS = YES;
				CLANG_WARN_DIRECT_OBJC_ISA_USAGE = YES_ERROR;
				CLANG_WARN_DOCUMENTATION_COMMENTS = YES;
				CLANG_WARN_EMPTY_BODY = YES;
				CLANG_WARN_ENUM_CONVERSION = YES;
				CLANG_WARN_INFINITE_RECURSION = YES;
				CLANG_WARN_INT_CONVERSION = YES;
				CLANG_WARN_NON_LITERAL_NULL_CONVERSION = YES;
				CLANG_WARN_OBJC_IMPLICIT_RETAIN_SELF = YES;
				CLANG_WARN_OBJC_LITERAL_CONVERSION = YES;
				CLANG_WARN_OBJC_ROOT_CLASS = YES_ERROR;
				CLANG_WARN_QUOTED_INCLUDE_IN_FRAMEWORK_HEADER = YES;
				CLANG_WARN_RANGE_LOOP_ANALYSIS = YES;
				CLANG_WARN_STRICT_PROTOTYPES = YES;
				CLANG_WARN_SUSPICIOUS_MOVE = YES;
				CLANG_WARN_UNGUARDED_AVAILABILITY = YES_AGGRESSIVE;
				CLANG_WARN_UNREACHABLE_CODE = YES;
				CLANG_WARN__DUPLICATE_METHOD_MATCH = YES;
				COPY_PHASE_STRIP = NO;
				DEBUG_INFORMATION_FORMAT = dwarf;
				ENABLE_STRICT_OBJC_MSGSEND = YES;
				ENABLE_TESTABILITY = YES;
				GCC_C_LANGUAGE_STANDARD = gnu11;
				GCC_DYNAMIC_NO_PIC = NO;
				GCC_NO_COMMON_BLOCKS = YES;
				GCC_OPTIMIZATION_LEVEL = 0;
				GCC_PREPROCESSOR_DEFINITIONS = (
					"DEBUG=1",
					"$(inherited)",
				);
				GCC_WARN_64_TO_32_BIT_CONVERSION = YES;
				GCC_WARN_ABOUT_RETURN_TYPE = YES_ERROR;
				GCC_WARN_UNDECLARED_SELECTOR = YES;
				GCC_WARN_UNINITIALIZED_AUTOS = YES_AGGRESSIVE;
				GCC_WARN_UNUSED_FUNCTION = YES;
				GCC_WARN_UNUSED_VARIABLE = YES;
				IPHONEOS_DEPLOYMENT_TARGET = 16.1;
				MTL_ENABLE_DEBUG_INFO = INCLUDE_SOURCE;
				MTL_FAST_MATH = YES;
				ONLY_ACTIVE_ARCH = YES;
				SDKROOT = iphoneos;
				SWIFT_ACTIVE_COMPILATION_CONDITIONS = DEBUG;
				SWIFT_OPTIMIZATION_LEVEL = "-Onone";
			};
			name = Debug;
		};
		52A2B2E9293527B70061A712 /* Release */ = {
			isa = XCBuildConfiguration;
			buildSettings = {
				ALWAYS_SEARCH_USER_PATHS = NO;
				CLANG_ANALYZER_NONNULL = YES;
				CLANG_ANALYZER_NUMBER_OBJECT_CONVERSION = YES_AGGRESSIVE;
				CLANG_CXX_LANGUAGE_STANDARD = "gnu++20";
				CLANG_ENABLE_MODULES = YES;
				CLANG_ENABLE_OBJC_ARC = YES;
				CLANG_ENABLE_OBJC_WEAK = YES;
				CLANG_WARN_BLOCK_CAPTURE_AUTORELEASING = YES;
				CLANG_WARN_BOOL_CONVERSION = YES;
				CLANG_WARN_COMMA = YES;
				CLANG_WARN_CONSTANT_CONVERSION = YES;
				CLANG_WARN_DEPRECATED_OBJC_IMPLEMENTATIONS = YES;
				CLANG_WARN_DIRECT_OBJC_ISA_USAGE = YES_ERROR;
				CLANG_WARN_DOCUMENTATION_COMMENTS = YES;
				CLANG_WARN_EMPTY_BODY = YES;
				CLANG_WARN_ENUM_CONVERSION = YES;
				CLANG_WARN_INFINITE_RECURSION = YES;
				CLANG_WARN_INT_CONVERSION = YES;
				CLANG_WARN_NON_LITERAL_NULL_CONVERSION = YES;
				CLANG_WARN_OBJC_IMPLICIT_RETAIN_SELF = YES;
				CLANG_WARN_OBJC_LITERAL_CONVERSION = YES;
				CLANG_WARN_OBJC_ROOT_CLASS = YES_ERROR;
				CLANG_WARN_QUOTED_INCLUDE_IN_FRAMEWORK_HEADER = YES;
				CLANG_WARN_RANGE_LOOP_ANALYSIS = YES;
				CLANG_WARN_STRICT_PROTOTYPES = YES;
				CLANG_WARN_SUSPICIOUS_MOVE = YES;
				CLANG_WARN_UNGUARDED_AVAILABILITY = YES_AGGRESSIVE;
				CLANG_WARN_UNREACHABLE_CODE = YES;
				CLANG_WARN__DUPLICATE_METHOD_MATCH = YES;
				COPY_PHASE_STRIP = NO;
				DEBUG_INFORMATION_FORMAT = "dwarf-with-dsym";
				ENABLE_NS_ASSERTIONS = NO;
				ENABLE_STRICT_OBJC_MSGSEND = YES;
				GCC_C_LANGUAGE_STANDARD = gnu11;
				GCC_NO_COMMON_BLOCKS = YES;
				GCC_WARN_64_TO_32_BIT_CONVERSION = YES;
				GCC_WARN_ABOUT_RETURN_TYPE = YES_ERROR;
				GCC_WARN_UNDECLARED_SELECTOR = YES;
				GCC_WARN_UNINITIALIZED_AUTOS = YES_AGGRESSIVE;
				GCC_WARN_UNUSED_FUNCTION = YES;
				GCC_WARN_UNUSED_VARIABLE = YES;
				IPHONEOS_DEPLOYMENT_TARGET = 16.1;
				MTL_ENABLE_DEBUG_INFO = NO;
				MTL_FAST_MATH = YES;
				SDKROOT = iphoneos;
				SWIFT_COMPILATION_MODE = wholemodule;
				SWIFT_OPTIMIZATION_LEVEL = "-O";
				VALIDATE_PRODUCT = YES;
			};
			name = Release;
		};
		52A2B2EB293527B70061A712 /* Debug */ = {
			isa = XCBuildConfiguration;
			buildSettings = {
				ASSETCATALOG_COMPILER_APPICON_NAME = AppIcon;
				ASSETCATALOG_COMPILER_GLOBAL_ACCENT_COLOR_NAME = AccentColor;
				CODE_SIGN_STYLE = Automatic;
				CURRENT_PROJECT_VERSION = 1;
				DEVELOPMENT_ASSET_PATHS = "\"autopilot/Preview Content\"";
				ENABLE_PREVIEWS = YES;
				GENERATE_INFOPLIST_FILE = YES;
				INFOPLIST_KEY_UIApplicationSceneManifest_Generation = YES;
				INFOPLIST_KEY_UIApplicationSupportsIndirectInputEvents = YES;
				INFOPLIST_KEY_UILaunchScreen_Generation = YES;
				INFOPLIST_KEY_UISupportedInterfaceOrientations_iPad = "UIInterfaceOrientationPortrait UIInterfaceOrientationPortraitUpsideDown UIInterfaceOrientationLandscapeLeft UIInterfaceOrientationLandscapeRight";
				INFOPLIST_KEY_UISupportedInterfaceOrientations_iPhone = "UIInterfaceOrientationPortrait UIInterfaceOrientationLandscapeLeft UIInterfaceOrientationLandscapeRight";
				LD_RUNPATH_SEARCH_PATHS = (
					"$(inherited)",
					"@executable_path/Frameworks",
				);
				MARKETING_VERSION = 1.0;
				PRODUCT_BUNDLE_IDENTIFIER = com.matthewmolinar.autopilot;
				PRODUCT_NAME = "$(TARGET_NAME)";
				SWIFT_EMIT_LOC_STRINGS = YES;
				SWIFT_VERSION = 5.0;
				TARGETED_DEVICE_FAMILY = "1,2";
			};
			name = Debug;
		};
		52A2B2EC293527B70061A712 /* Release */ = {
			isa = XCBuildConfiguration;
			buildSettings = {
				ASSETCATALOG_COMPILER_APPICON_NAME = AppIcon;
				ASSETCATALOG_COMPILER_GLOBAL_ACCENT_COLOR_NAME = AccentColor;
				CODE_SIGN_STYLE = Automatic;
				CURRENT_PROJECT_VERSION = 1;
				DEVELOPMENT_ASSET_PATHS = "\"autopilot/Preview Content\"";
				ENABLE_PREVIEWS = YES;
				GENERATE_INFOPLIST_FILE = YES;
				INFOPLIST_KEY_UIApplicationSceneManifest_Generation = YES;
				INFOPLIST_KEY_UIApplicationSupportsIndirectInputEvents = YES;
				INFOPLIST_KEY_UILaunchScreen_Generation = YES;
				INFOPLIST_KEY_UISupportedInterfaceOrientations_iPad = "UIInterfaceOrientationPortrait UIInterfaceOrientationPortraitUpsideDown UIInterfaceOrientationLandscapeLeft UIInterfaceOrientationLandscapeRight";
				INFOPLIST_KEY_UISupportedInterfaceOrientations_iPhone = "UIInterfaceOrientationPortrait UIInterfaceOrientationLandscapeLeft UIInterfaceOrientationLandscapeRight";
				LD_RUNPATH_SEARCH_PATHS = (
					"$(inherited)",
					"@executable_path/Frameworks",
				);
				MARKETING_VERSION = 1.0;
				PRODUCT_BUNDLE_IDENTIFIER = com.matthewmolinar.autopilot;
				PRODUCT_NAME = "$(TARGET_NAME)";
				SWIFT_EMIT_LOC_STRINGS = YES;
				SWIFT_VERSION = 5.0;
				TARGETED_DEVICE_FAMILY = "1,2";
			};
			name = Release;
		};
		52A2B2EE293527B70061A712 /* Debug */ = {
			isa = XCBuildConfiguration;
			buildSettings = {
				ALWAYS_EMBED_SWIFT_STANDARD_LIBRARIES = YES;
				BUNDLE_LOADER = "$(TEST_HOST)";
				CODE_SIGN_STYLE = Automatic;
				CURRENT_PROJECT_VERSION = 1;
				GENERATE_INFOPLIST_FILE = YES;
				IPHONEOS_DEPLOYMENT_TARGET = 16.1;
				MARKETING_VERSION = 1.0;
				PRODUCT_BUNDLE_IDENTIFIER = com.matthewmolinar.autopilotTests;
				PRODUCT_NAME = "$(TARGET_NAME)";
				SWIFT_EMIT_LOC_STRINGS = NO;
				SWIFT_VERSION = 5.0;
				TARGETED_DEVICE_FAMILY = "1,2";
				TEST_HOST = "$(BUILT_PRODUCTS_DIR)/autopilot.app/$(BUNDLE_EXECUTABLE_FOLDER_PATH)/autopilot";
			};
			name = Debug;
		};
		52A2B2EF293527B70061A712 /* Release */ = {
			isa = XCBuildConfiguration;
			buildSettings = {
				ALWAYS_EMBED_SWIFT_STANDARD_LIBRARIES = YES;
				BUNDLE_LOADER = "$(TEST_HOST)";
				CODE_SIGN_STYLE = Automatic;
				CURRENT_PROJECT_VERSION = 1;
				GENERATE_INFOPLIST_FILE = YES;
				IPHONEOS_DEPLOYMENT_TARGET = 16.1;
				MARKETING_VERSION = 1.0;
				PRODUCT_BUNDLE_IDENTIFIER = com.matthewmolinar.autopilotTests;
				PRODUCT_NAME = "$(TARGET_NAME)";
				SWIFT_EMIT_LOC_STRINGS = NO;
				SWIFT_VERSION = 5.0;
				TARGETED_DEVICE_FAMILY = "1,2";
				TEST_HOST = "$(BUILT_PRODUCTS_DIR)/autopilot.app/$(BUNDLE_EXECUTABLE_FOLDER_PATH)/autopilot";
			};
			name = Release;
		};
		52A2B2F1293527B70061A712 /* Debug */ = {
			isa = XCBuildConfiguration;
			buildSettings = {
				ALWAYS_EMBED_SWIFT_STANDARD_LIBRARIES = YES;
				CODE_SIGN_STYLE = Automatic;
				CURRENT_PROJECT_VERSION = 1;
				GENERATE_INFOPLIST_FILE = YES;
				MARKETING_VERSION = 1.0;
				PRODUCT_BUNDLE_IDENTIFIER = com.matthewmolinar.autopilotUITests;
				PRODUCT_NAME = "$(TARGET_NAME)";
				SWIFT_EMIT_LOC_STRINGS = NO;
				SWIFT_VERSION = 5.0;
				TARGETED_DEVICE_FAMILY = "1,2";
				TEST_TARGET_NAME = autopilot;
			};
			name = Debug;
		};
		52A2B2F2293527B70061A712 /* Release */ = {
			isa = XCBuildConfiguration;
			buildSettings = {
				ALWAYS_EMBED_SWIFT_STANDARD_LIBRARIES = YES;
				CODE_SIGN_STYLE = Automatic;
				CURRENT_PROJECT_VERSION = 1;
				GENERATE_INFOPLIST_FILE = YES;
				MARKETING_VERSION = 1.0;
				PRODUCT_BUNDLE_IDENTIFIER = com.matthewmolinar.autopilotUITests;
				PRODUCT_NAME = "$(TARGET_NAME)";
				SWIFT_EMIT_LOC_STRINGS = NO;
				SWIFT_VERSION = 5.0;
				TARGETED_DEVICE_FAMILY = "1,2";
				TEST_TARGET_NAME = autopilot;
			};
			name = Release;
		};
/* End XCBuildConfiguration section */

/* Begin XCConfigurationList section */
		52A2B2BC293527B50061A712 /* Build configuration list for PBXProject "autopilot" */ = {
			isa = XCConfigurationList;
			buildConfigurations = (
				52A2B2E8293527B70061A712 /* Debug */,
				52A2B2E9293527B70061A712 /* Release */,
			);
			defaultConfigurationIsVisible = 0;
			defaultConfigurationName = Release;
		};
		52A2B2EA293527B70061A712 /* Build configuration list for PBXNativeTarget "autopilot" */ = {
			isa = XCConfigurationList;
			buildConfigurations = (
				52A2B2EB293527B70061A712 /* Debug */,
				52A2B2EC293527B70061A712 /* Release */,
			);
			defaultConfigurationIsVisible = 0;
			defaultConfigurationName = Release;
		};
		52A2B2ED293527B70061A712 /* Build configuration list for PBXNativeTarget "autopilotTests" */ = {
			isa = XCConfigurationList;
			buildConfigurations = (
				52A2B2EE293527B70061A712 /* Debug */,
				52A2B2EF293527B70061A712 /* Release */,
			);
			defaultConfigurationIsVisible = 0;
			defaultConfigurationName = Release;
		};
		52A2B2F0293527B70061A712 /* Build configuration list for PBXNativeTarget "autopilotUITests" */ = {
			isa = XCConfigurationList;
			buildConfigurations = (
				52A2B2F1293527B70061A712 /* Debug */,
				52A2B2F2293527B70061A712 /* Release */,
			);
			defaultConfigurationIsVisible = 0;
			defaultConfigurationName = Release;
		};
/* End XCConfigurationList section */

/* Begin XCVersionGroup section */
		52A2B2CF293527B70061A712 /* autopilot.xcdatamodeld */ = {
			isa = XCVersionGroup;
			children = (
				52A2B2D0293527B70061A712 /* autopilot.xcdatamodel */,
			);
			currentVersion = 52A2B2D0293527B70061A712 /* autopilot.xcdatamodel */;
			path = autopilot.xcdatamodeld;
			sourceTree = "<group>";
			versionGroupType = wrapper.xcdatamodel;
		};
/* End XCVersionGroup section */
	};
	rootObject = 52A2B2B9293527B50061A712 /* Project object */;
}
